// !$*UTF8*$!
{
	archiveVersion = 1;
	classes = {
	};
	objectVersion = 55;
	objects = {

/* Begin PBXBuildFile section */
		FA383570277CBC6E00DC49C8 /* AppDelegate.swift in Sources */ = {isa = PBXBuildFile; fileRef = FA38356F277CBC6E00DC49C8 /* AppDelegate.swift */; };
		FA383572277CBC6E00DC49C8 /* SceneDelegate.swift in Sources */ = {isa = PBXBuildFile; fileRef = FA383571277CBC6E00DC49C8 /* SceneDelegate.swift */; };
		FA383574277CBC6E00DC49C8 /* ViewController.swift in Sources */ = {isa = PBXBuildFile; fileRef = FA383573277CBC6E00DC49C8 /* ViewController.swift */; };
		FA383577277CBC6E00DC49C8 /* Main.storyboard in Resources */ = {isa = PBXBuildFile; fileRef = FA383575277CBC6E00DC49C8 /* Main.storyboard */; };
		FA383579277CBC7000DC49C8 /* Assets.xcassets in Resources */ = {isa = PBXBuildFile; fileRef = FA383578277CBC7000DC49C8 /* Assets.xcassets */; };
		FA38357C277CBC7000DC49C8 /* LaunchScreen.storyboard in Resources */ = {isa = PBXBuildFile; fileRef = FA38357A277CBC7000DC49C8 /* LaunchScreen.storyboard */; };
		FA383586277CC3B100DC49C8 /* Payment.swift in Sources */ = {isa = PBXBuildFile; fileRef = FA383585277CC3B100DC49C8 /* Payment.swift */; };
		FA383588277CC3DF00DC49C8 /* GooglePayment.swift in Sources */ = {isa = PBXBuildFile; fileRef = FA383587277CC3DF00DC49C8 /* GooglePayment.swift */; };
		FA38358A277CC41A00DC49C8 /* CardPayment.swift in Sources */ = {isa = PBXBuildFile; fileRef = FA383589277CC41A00DC49C8 /* CardPayment.swift */; };
		FA38358C277CC46700DC49C8 /* TypePayment.swift in Sources */ = {isa = PBXBuildFile; fileRef = FA38358B277CC46700DC49C8 /* TypePayment.swift */; };
		FA38358E277CC4D100DC49C8 /* PaymentFactory.swift in Sources */ = {isa = PBXBuildFile; fileRef = FA38358D277CC4D100DC49C8 /* PaymentFactory.swift */; };
		FA383591277CC8F000DC49C8 /* PaymentAF.swift in Sources */ = {isa = PBXBuildFile; fileRef = FA383590277CC8F000DC49C8 /* PaymentAF.swift */; };
		FA383593277CC93600DC49C8 /* CardPaymentAF.swift in Sources */ = {isa = PBXBuildFile; fileRef = FA383592277CC93600DC49C8 /* CardPaymentAF.swift */; };
		FA383595277CCC8200DC49C8 /* GooglePaymentAF.swift in Sources */ = {isa = PBXBuildFile; fileRef = FA383594277CCC8200DC49C8 /* GooglePaymentAF.swift */; };
		FA383597277CCCE900DC49C8 /* Method.swift in Sources */ = {isa = PBXBuildFile; fileRef = FA383596277CCCE900DC49C8 /* Method.swift */; };
		FA383599277CCE6E00DC49C8 /* MontlyMethod.swift in Sources */ = {isa = PBXBuildFile; fileRef = FA383598277CCE6E00DC49C8 /* MontlyMethod.swift */; };
		FA38359B277CCEE700DC49C8 /* PaymentInAdvanceMethod.swift in Sources */ = {isa = PBXBuildFile; fileRef = FA38359A277CCEE700DC49C8 /* PaymentInAdvanceMethod.swift */; };
		FA38359D277CCFB300DC49C8 /* AbstractFactory.swift in Sources */ = {isa = PBXBuildFile; fileRef = FA38359C277CCFB300DC49C8 /* AbstractFactory.swift */; };
		FA38359F277CD1D600DC49C8 /* PaymentInAdvanceCardFactory.swift in Sources */ = {isa = PBXBuildFile; fileRef = FA38359E277CD1D600DC49C8 /* PaymentInAdvanceCardFactory.swift */; };
		FA3835A1277CD30E00DC49C8 /* MontlyGoogleFactory.swift in Sources */ = {isa = PBXBuildFile; fileRef = FA3835A0277CD30E00DC49C8 /* MontlyGoogleFactory.swift */; };
		FA3835A3277CD37500DC49C8 /* PaymentMethodClient.swift in Sources */ = {isa = PBXBuildFile; fileRef = FA3835A2277CD37500DC49C8 /* PaymentMethodClient.swift */; };
		FA3835A6277CE12800DC49C8 /* Card.swift in Sources */ = {isa = PBXBuildFile; fileRef = FA3835A5277CE12800DC49C8 /* Card.swift */; };
		FA3835A9277CED2000DC49C8 /* PrototypeCard.swift in Sources */ = {isa = PBXBuildFile; fileRef = FA3835A8277CED2000DC49C8 /* PrototypeCard.swift */; };
		FA3835AB277CEEE200DC49C8 /* VisaCard.swift in Sources */ = {isa = PBXBuildFile; fileRef = FA3835AA277CEEE200DC49C8 /* VisaCard.swift */; };
		FA3835AE277CF6AA00DC49C8 /* CardSingleton.swift in Sources */ = {isa = PBXBuildFile; fileRef = FA3835AD277CF6AA00DC49C8 /* CardSingleton.swift */; };
		FA3835B2277D0B2300DC49C8 /* ApprovedLoanHandler.swift in Sources */ = {isa = PBXBuildFile; fileRef = FA3835B1277D0B2300DC49C8 /* ApprovedLoanHandler.swift */; };
		FA3835B4277D0C3C00DC49C8 /* GoldHandler.swift in Sources */ = {isa = PBXBuildFile; fileRef = FA3835B3277D0C3C00DC49C8 /* GoldHandler.swift */; };
		FA3835B6277D0D5300DC49C8 /* PlatiniumHandler.swift in Sources */ = {isa = PBXBuildFile; fileRef = FA3835B5277D0D5300DC49C8 /* PlatiniumHandler.swift */; };
		FA3835B8277D0DB000DC49C8 /* BlackHandler.swift in Sources */ = {isa = PBXBuildFile; fileRef = FA3835B7277D0DB000DC49C8 /* BlackHandler.swift */; };
		FA3835BA277D0E6500DC49C8 /* BankHandler.swift in Sources */ = {isa = PBXBuildFile; fileRef = FA3835B9277D0E6500DC49C8 /* BankHandler.swift */; };
		FA3835BD277D18C000DC49C8 /* Command.swift in Sources */ = {isa = PBXBuildFile; fileRef = FA3835BC277D18C000DC49C8 /* Command.swift */; };
		FA3835BF277D19BE00DC49C8 /* CreditCardReceiver.swift in Sources */ = {isa = PBXBuildFile; fileRef = FA3835BE277D19BE00DC49C8 /* CreditCardReceiver.swift */; };
		FA3835C1277D1B2A00DC49C8 /* CreditCardActiveCommand.swift in Sources */ = {isa = PBXBuildFile; fileRef = FA3835C0277D1B2A00DC49C8 /* CreditCardActiveCommand.swift */; };
		FA3835C3277D1CDD00DC49C8 /* CreditCardDisabledCommand.swift in Sources */ = {isa = PBXBuildFile; fileRef = FA3835C2277D1CDD00DC49C8 /* CreditCardDisabledCommand.swift */; };
		FA3835C5277D1D3400DC49C8 /* CreditCardInvoker.swift in Sources */ = {isa = PBXBuildFile; fileRef = FA3835C4277D1D3400DC49C8 /* CreditCardInvoker.swift */; };
		FA3835C8277D231200DC49C8 /* CreditCard.swift in Sources */ = {isa = PBXBuildFile; fileRef = FA3835C7277D231200DC49C8 /* CreditCard.swift */; };
		FA3835CA277D23F700DC49C8 /* CreditCardsCollection.swift in Sources */ = {isa = PBXBuildFile; fileRef = FA3835C9277D23F700DC49C8 /* CreditCardsCollection.swift */; };
		FA3835CC277D248000DC49C8 /* CreditCardIterator.swift in Sources */ = {isa = PBXBuildFile; fileRef = FA3835CB277D248000DC49C8 /* CreditCardIterator.swift */; };
/* End PBXBuildFile section */

/* Begin PBXFileReference section */
		FA38356C277CBC6E00DC49C8 /* Patrones_Diseno.app */ = {isa = PBXFileReference; explicitFileType = wrapper.application; includeInIndex = 0; path = Patrones_Diseno.app; sourceTree = BUILT_PRODUCTS_DIR; };
		FA38356F277CBC6E00DC49C8 /* AppDelegate.swift */ = {isa = PBXFileReference; lastKnownFileType = sourcecode.swift; path = AppDelegate.swift; sourceTree = "<group>"; };
		FA383571277CBC6E00DC49C8 /* SceneDelegate.swift */ = {isa = PBXFileReference; lastKnownFileType = sourcecode.swift; path = SceneDelegate.swift; sourceTree = "<group>"; };
		FA383573277CBC6E00DC49C8 /* ViewController.swift */ = {isa = PBXFileReference; lastKnownFileType = sourcecode.swift; path = ViewController.swift; sourceTree = "<group>"; };
		FA383576277CBC6E00DC49C8 /* Base */ = {isa = PBXFileReference; lastKnownFileType = file.storyboard; name = Base; path = Base.lproj/Main.storyboard; sourceTree = "<group>"; };
		FA383578277CBC7000DC49C8 /* Assets.xcassets */ = {isa = PBXFileReference; lastKnownFileType = folder.assetcatalog; path = Assets.xcassets; sourceTree = "<group>"; };
		FA38357B277CBC7000DC49C8 /* Base */ = {isa = PBXFileReference; lastKnownFileType = file.storyboard; name = Base; path = Base.lproj/LaunchScreen.storyboard; sourceTree = "<group>"; };
		FA38357D277CBC7000DC49C8 /* Info.plist */ = {isa = PBXFileReference; lastKnownFileType = text.plist.xml; path = Info.plist; sourceTree = "<group>"; };
		FA383585277CC3B100DC49C8 /* Payment.swift */ = {isa = PBXFileReference; lastKnownFileType = sourcecode.swift; path = Payment.swift; sourceTree = "<group>"; };
		FA383587277CC3DF00DC49C8 /* GooglePayment.swift */ = {isa = PBXFileReference; lastKnownFileType = sourcecode.swift; path = GooglePayment.swift; sourceTree = "<group>"; };
		FA383589277CC41A00DC49C8 /* CardPayment.swift */ = {isa = PBXFileReference; lastKnownFileType = sourcecode.swift; path = CardPayment.swift; sourceTree = "<group>"; };
		FA38358B277CC46700DC49C8 /* TypePayment.swift */ = {isa = PBXFileReference; lastKnownFileType = sourcecode.swift; path = TypePayment.swift; sourceTree = "<group>"; };
		FA38358D277CC4D100DC49C8 /* PaymentFactory.swift */ = {isa = PBXFileReference; lastKnownFileType = sourcecode.swift; path = PaymentFactory.swift; sourceTree = "<group>"; };
		FA383590277CC8F000DC49C8 /* PaymentAF.swift */ = {isa = PBXFileReference; lastKnownFileType = sourcecode.swift; path = PaymentAF.swift; sourceTree = "<group>"; };
		FA383592277CC93600DC49C8 /* CardPaymentAF.swift */ = {isa = PBXFileReference; lastKnownFileType = sourcecode.swift; path = CardPaymentAF.swift; sourceTree = "<group>"; };
		FA383594277CCC8200DC49C8 /* GooglePaymentAF.swift */ = {isa = PBXFileReference; lastKnownFileType = sourcecode.swift; path = GooglePaymentAF.swift; sourceTree = "<group>"; };
		FA383596277CCCE900DC49C8 /* Method.swift */ = {isa = PBXFileReference; lastKnownFileType = sourcecode.swift; path = Method.swift; sourceTree = "<group>"; };
		FA383598277CCE6E00DC49C8 /* MontlyMethod.swift */ = {isa = PBXFileReference; lastKnownFileType = sourcecode.swift; path = MontlyMethod.swift; sourceTree = "<group>"; };
		FA38359A277CCEE700DC49C8 /* PaymentInAdvanceMethod.swift */ = {isa = PBXFileReference; lastKnownFileType = sourcecode.swift; path = PaymentInAdvanceMethod.swift; sourceTree = "<group>"; };
		FA38359C277CCFB300DC49C8 /* AbstractFactory.swift */ = {isa = PBXFileReference; lastKnownFileType = sourcecode.swift; path = AbstractFactory.swift; sourceTree = "<group>"; };
		FA38359E277CD1D600DC49C8 /* PaymentInAdvanceCardFactory.swift */ = {isa = PBXFileReference; lastKnownFileType = sourcecode.swift; path = PaymentInAdvanceCardFactory.swift; sourceTree = "<group>"; };
		FA3835A0277CD30E00DC49C8 /* MontlyGoogleFactory.swift */ = {isa = PBXFileReference; lastKnownFileType = sourcecode.swift; path = MontlyGoogleFactory.swift; sourceTree = "<group>"; };
		FA3835A2277CD37500DC49C8 /* PaymentMethodClient.swift */ = {isa = PBXFileReference; lastKnownFileType = sourcecode.swift; path = PaymentMethodClient.swift; sourceTree = "<group>"; };
		FA3835A5277CE12800DC49C8 /* Card.swift */ = {isa = PBXFileReference; lastKnownFileType = sourcecode.swift; path = Card.swift; sourceTree = "<group>"; };
		FA3835A8277CED2000DC49C8 /* PrototypeCard.swift */ = {isa = PBXFileReference; lastKnownFileType = sourcecode.swift; path = PrototypeCard.swift; sourceTree = "<group>"; };
		FA3835AA277CEEE200DC49C8 /* VisaCard.swift */ = {isa = PBXFileReference; lastKnownFileType = sourcecode.swift; path = VisaCard.swift; sourceTree = "<group>"; };
		FA3835AD277CF6AA00DC49C8 /* CardSingleton.swift */ = {isa = PBXFileReference; lastKnownFileType = sourcecode.swift; path = CardSingleton.swift; sourceTree = "<group>"; };
		FA3835B1277D0B2300DC49C8 /* ApprovedLoanHandler.swift */ = {isa = PBXFileReference; lastKnownFileType = sourcecode.swift; path = ApprovedLoanHandler.swift; sourceTree = "<group>"; };
		FA3835B3277D0C3C00DC49C8 /* GoldHandler.swift */ = {isa = PBXFileReference; lastKnownFileType = sourcecode.swift; path = GoldHandler.swift; sourceTree = "<group>"; };
		FA3835B5277D0D5300DC49C8 /* PlatiniumHandler.swift */ = {isa = PBXFileReference; lastKnownFileType = sourcecode.swift; path = PlatiniumHandler.swift; sourceTree = "<group>"; };
		FA3835B7277D0DB000DC49C8 /* BlackHandler.swift */ = {isa = PBXFileReference; lastKnownFileType = sourcecode.swift; path = BlackHandler.swift; sourceTree = "<group>"; };
		FA3835B9277D0E6500DC49C8 /* BankHandler.swift */ = {isa = PBXFileReference; lastKnownFileType = sourcecode.swift; path = BankHandler.swift; sourceTree = "<group>"; };
		FA3835BC277D18C000DC49C8 /* Command.swift */ = {isa = PBXFileReference; lastKnownFileType = sourcecode.swift; path = Command.swift; sourceTree = "<group>"; };
		FA3835BE277D19BE00DC49C8 /* CreditCardReceiver.swift */ = {isa = PBXFileReference; lastKnownFileType = sourcecode.swift; path = CreditCardReceiver.swift; sourceTree = "<group>"; };
		FA3835C0277D1B2A00DC49C8 /* CreditCardActiveCommand.swift */ = {isa = PBXFileReference; lastKnownFileType = sourcecode.swift; path = CreditCardActiveCommand.swift; sourceTree = "<group>"; };
		FA3835C2277D1CDD00DC49C8 /* CreditCardDisabledCommand.swift */ = {isa = PBXFileReference; lastKnownFileType = sourcecode.swift; path = CreditCardDisabledCommand.swift; sourceTree = "<group>"; };
		FA3835C4277D1D3400DC49C8 /* CreditCardInvoker.swift */ = {isa = PBXFileReference; lastKnownFileType = sourcecode.swift; path = CreditCardInvoker.swift; sourceTree = "<group>"; };
		FA3835C7277D231200DC49C8 /* CreditCard.swift */ = {isa = PBXFileReference; lastKnownFileType = sourcecode.swift; path = CreditCard.swift; sourceTree = "<group>"; };
		FA3835C9277D23F700DC49C8 /* CreditCardsCollection.swift */ = {isa = PBXFileReference; lastKnownFileType = sourcecode.swift; path = CreditCardsCollection.swift; sourceTree = "<group>"; };
		FA3835CB277D248000DC49C8 /* CreditCardIterator.swift */ = {isa = PBXFileReference; lastKnownFileType = sourcecode.swift; path = CreditCardIterator.swift; sourceTree = "<group>"; };
/* End PBXFileReference section */

/* Begin PBXFrameworksBuildPhase section */
		FA383569277CBC6E00DC49C8 /* Frameworks */ = {
			isa = PBXFrameworksBuildPhase;
			buildActionMask = 2147483647;
			files = (
			);
			runOnlyForDeploymentPostprocessing = 0;
		};
/* End PBXFrameworksBuildPhase section */

/* Begin PBXGroup section */
		FA383563277CBC6E00DC49C8 = {
			isa = PBXGroup;
			children = (
				FA38356E277CBC6E00DC49C8 /* Patrones_Diseno */,
				FA38356D277CBC6E00DC49C8 /* Products */,
			);
			sourceTree = "<group>";
		};
		FA38356D277CBC6E00DC49C8 /* Products */ = {
			isa = PBXGroup;
			children = (
				FA38356C277CBC6E00DC49C8 /* Patrones_Diseno.app */,
			);
			name = Products;
			sourceTree = "<group>";
		};
		FA38356E277CBC6E00DC49C8 /* Patrones_Diseno */ = {
			isa = PBXGroup;
			children = (
				FA3835AF277D0AE000DC49C8 /* behavioral */,
				FA383583277CC13D00DC49C8 /* creational */,
				FA38356F277CBC6E00DC49C8 /* AppDelegate.swift */,
				FA383571277CBC6E00DC49C8 /* SceneDelegate.swift */,
				FA383573277CBC6E00DC49C8 /* ViewController.swift */,
				FA383575277CBC6E00DC49C8 /* Main.storyboard */,
				FA383578277CBC7000DC49C8 /* Assets.xcassets */,
				FA38357A277CBC7000DC49C8 /* LaunchScreen.storyboard */,
				FA38357D277CBC7000DC49C8 /* Info.plist */,
			);
			path = Patrones_Diseno;
			sourceTree = "<group>";
		};
		FA383583277CC13D00DC49C8 /* creational */ = {
			isa = PBXGroup;
			children = (
				FA3835AC277CF4AA00DC49C8 /* singleton */,
				FA3835A7277CEA4D00DC49C8 /* prototype */,
				FA3835A4277CE08100DC49C8 /* builder */,
				FA38358F277CC8B900DC49C8 /* abstratctFactory */,
				FA383584277CC15C00DC49C8 /* factoryMethod */,
			);
			path = creational;
			sourceTree = "<group>";
		};
		FA383584277CC15C00DC49C8 /* factoryMethod */ = {
			isa = PBXGroup;
			children = (
				FA383585277CC3B100DC49C8 /* Payment.swift */,
				FA383587277CC3DF00DC49C8 /* GooglePayment.swift */,
				FA383589277CC41A00DC49C8 /* CardPayment.swift */,
				FA38358B277CC46700DC49C8 /* TypePayment.swift */,
				FA38358D277CC4D100DC49C8 /* PaymentFactory.swift */,
			);
			path = factoryMethod;
			sourceTree = "<group>";
		};
		FA38358F277CC8B900DC49C8 /* abstratctFactory */ = {
			isa = PBXGroup;
			children = (
				FA383590277CC8F000DC49C8 /* PaymentAF.swift */,
				FA383592277CC93600DC49C8 /* CardPaymentAF.swift */,
				FA383594277CCC8200DC49C8 /* GooglePaymentAF.swift */,
				FA383596277CCCE900DC49C8 /* Method.swift */,
				FA383598277CCE6E00DC49C8 /* MontlyMethod.swift */,
				FA38359A277CCEE700DC49C8 /* PaymentInAdvanceMethod.swift */,
				FA38359C277CCFB300DC49C8 /* AbstractFactory.swift */,
				FA38359E277CD1D600DC49C8 /* PaymentInAdvanceCardFactory.swift */,
				FA3835A0277CD30E00DC49C8 /* MontlyGoogleFactory.swift */,
				FA3835A2277CD37500DC49C8 /* PaymentMethodClient.swift */,
			);
			path = abstratctFactory;
			sourceTree = "<group>";
		};
		FA3835A4277CE08100DC49C8 /* builder */ = {
			isa = PBXGroup;
			children = (
				FA3835A5277CE12800DC49C8 /* Card.swift */,
			);
			path = builder;
			sourceTree = "<group>";
		};
		FA3835A7277CEA4D00DC49C8 /* prototype */ = {
			isa = PBXGroup;
			children = (
				FA3835A8277CED2000DC49C8 /* PrototypeCard.swift */,
				FA3835AA277CEEE200DC49C8 /* VisaCard.swift */,
			);
			path = prototype;
			sourceTree = "<group>";
		};
		FA3835AC277CF4AA00DC49C8 /* singleton */ = {
			isa = PBXGroup;
			children = (
				FA3835AD277CF6AA00DC49C8 /* CardSingleton.swift */,
			);
			path = singleton;
			sourceTree = "<group>";
		};
		FA3835AF277D0AE000DC49C8 /* behavioral */ = {
			isa = PBXGroup;
			children = (
				FA3835C6277D230400DC49C8 /* iterator */,
				FA3835BB277D188100DC49C8 /* command */,
				FA3835B0277D0B0800DC49C8 /* chainResponsibility */,
			);
			path = behavioral;
			sourceTree = "<group>";
		};
		FA3835B0277D0B0800DC49C8 /* chainResponsibility */ = {
			isa = PBXGroup;
			children = (
				FA3835B1277D0B2300DC49C8 /* ApprovedLoanHandler.swift */,
				FA3835B3277D0C3C00DC49C8 /* GoldHandler.swift */,
				FA3835B5277D0D5300DC49C8 /* PlatiniumHandler.swift */,
				FA3835B7277D0DB000DC49C8 /* BlackHandler.swift */,
				FA3835B9277D0E6500DC49C8 /* BankHandler.swift */,
			);
			path = chainResponsibility;
			sourceTree = "<group>";
		};
		FA3835BB277D188100DC49C8 /* command */ = {
			isa = PBXGroup;
			children = (
				FA3835BC277D18C000DC49C8 /* Command.swift */,
				FA3835BE277D19BE00DC49C8 /* CreditCardReceiver.swift */,
				FA3835C0277D1B2A00DC49C8 /* CreditCardActiveCommand.swift */,
				FA3835C2277D1CDD00DC49C8 /* CreditCardDisabledCommand.swift */,
				FA3835C4277D1D3400DC49C8 /* CreditCardInvoker.swift */,
			);
			path = command;
			sourceTree = "<group>";
		};
		FA3835C6277D230400DC49C8 /* iterator */ = {
			isa = PBXGroup;
			children = (
				FA3835C7277D231200DC49C8 /* CreditCard.swift */,
				FA3835C9277D23F700DC49C8 /* CreditCardsCollection.swift */,
				FA3835CB277D248000DC49C8 /* CreditCardIterator.swift */,
			);
			path = iterator;
			sourceTree = "<group>";
		};
/* End PBXGroup section */

/* Begin PBXNativeTarget section */
		FA38356B277CBC6E00DC49C8 /* Patrones_Diseno */ = {
			isa = PBXNativeTarget;
			buildConfigurationList = FA383580277CBC7000DC49C8 /* Build configuration list for PBXNativeTarget "Patrones_Diseno" */;
			buildPhases = (
				FA383568277CBC6E00DC49C8 /* Sources */,
				FA383569277CBC6E00DC49C8 /* Frameworks */,
				FA38356A277CBC6E00DC49C8 /* Resources */,
			);
			buildRules = (
			);
			dependencies = (
			);
			name = Patrones_Diseno;
			productName = Patrones_Diseno;
			productReference = FA38356C277CBC6E00DC49C8 /* Patrones_Diseno.app */;
			productType = "com.apple.product-type.application";
		};
/* End PBXNativeTarget section */

/* Begin PBXProject section */
		FA383564277CBC6E00DC49C8 /* Project object */ = {
			isa = PBXProject;
			attributes = {
				BuildIndependentTargetsInParallel = 1;
				LastSwiftUpdateCheck = 1310;
				LastUpgradeCheck = 1310;
				TargetAttributes = {
					FA38356B277CBC6E00DC49C8 = {
						CreatedOnToolsVersion = 13.1;
					};
				};
			};
			buildConfigurationList = FA383567277CBC6E00DC49C8 /* Build configuration list for PBXProject "Patrones_Diseno" */;
			compatibilityVersion = "Xcode 13.0";
			developmentRegion = en;
			hasScannedForEncodings = 0;
			knownRegions = (
				en,
				Base,
			);
			mainGroup = FA383563277CBC6E00DC49C8;
			productRefGroup = FA38356D277CBC6E00DC49C8 /* Products */;
			projectDirPath = "";
			projectRoot = "";
			targets = (
				FA38356B277CBC6E00DC49C8 /* Patrones_Diseno */,
			);
		};
/* End PBXProject section */

/* Begin PBXResourcesBuildPhase section */
		FA38356A277CBC6E00DC49C8 /* Resources */ = {
			isa = PBXResourcesBuildPhase;
			buildActionMask = 2147483647;
			files = (
				FA38357C277CBC7000DC49C8 /* LaunchScreen.storyboard in Resources */,
				FA383579277CBC7000DC49C8 /* Assets.xcassets in Resources */,
				FA383577277CBC6E00DC49C8 /* Main.storyboard in Resources */,
			);
			runOnlyForDeploymentPostprocessing = 0;
		};
/* End PBXResourcesBuildPhase section */

/* Begin PBXSourcesBuildPhase section */
		FA383568277CBC6E00DC49C8 /* Sources */ = {
			isa = PBXSourcesBuildPhase;
			buildActionMask = 2147483647;
			files = (
				FA3835BF277D19BE00DC49C8 /* CreditCardReceiver.swift in Sources */,
				FA3835B8277D0DB000DC49C8 /* BlackHandler.swift in Sources */,
				FA3835A3277CD37500DC49C8 /* PaymentMethodClient.swift in Sources */,
				FA383574277CBC6E00DC49C8 /* ViewController.swift in Sources */,
				FA3835AB277CEEE200DC49C8 /* VisaCard.swift in Sources */,
				FA3835C5277D1D3400DC49C8 /* CreditCardInvoker.swift in Sources */,
				FA3835B6277D0D5300DC49C8 /* PlatiniumHandler.swift in Sources */,
				FA3835A6277CE12800DC49C8 /* Card.swift in Sources */,
				FA383591277CC8F000DC49C8 /* PaymentAF.swift in Sources */,
				FA383570277CBC6E00DC49C8 /* AppDelegate.swift in Sources */,
				FA38359B277CCEE700DC49C8 /* PaymentInAdvanceMethod.swift in Sources */,
				FA3835A9277CED2000DC49C8 /* PrototypeCard.swift in Sources */,
				FA38358C277CC46700DC49C8 /* TypePayment.swift in Sources */,
				FA3835BD277D18C000DC49C8 /* Command.swift in Sources */,
				FA383595277CCC8200DC49C8 /* GooglePaymentAF.swift in Sources */,
				FA38358A277CC41A00DC49C8 /* CardPayment.swift in Sources */,
				FA383588277CC3DF00DC49C8 /* GooglePayment.swift in Sources */,
				FA38358E277CC4D100DC49C8 /* PaymentFactory.swift in Sources */,
				FA383597277CCCE900DC49C8 /* Method.swift in Sources */,
				FA383593277CC93600DC49C8 /* CardPaymentAF.swift in Sources */,
				FA383599277CCE6E00DC49C8 /* MontlyMethod.swift in Sources */,
				FA3835B4277D0C3C00DC49C8 /* GoldHandler.swift in Sources */,
				FA3835CC277D248000DC49C8 /* CreditCardIterator.swift in Sources */,
				FA38359D277CCFB300DC49C8 /* AbstractFactory.swift in Sources */,
				FA3835A1277CD30E00DC49C8 /* MontlyGoogleFactory.swift in Sources */,
				FA3835CA277D23F700DC49C8 /* CreditCardsCollection.swift in Sources */,
				FA383586277CC3B100DC49C8 /* Payment.swift in Sources */,
				FA3835B2277D0B2300DC49C8 /* ApprovedLoanHandler.swift in Sources */,
				FA383572277CBC6E00DC49C8 /* SceneDelegate.swift in Sources */,
				FA3835C8277D231200DC49C8 /* CreditCard.swift in Sources */,
				FA38359F277CD1D600DC49C8 /* PaymentInAdvanceCardFactory.swift in Sources */,
				FA3835AE277CF6AA00DC49C8 /* CardSingleton.swift in Sources */,
				FA3835C3277D1CDD00DC49C8 /* CreditCardDisabledCommand.swift in Sources */,
				FA3835C1277D1B2A00DC49C8 /* CreditCardActiveCommand.swift in Sources */,
				FA3835BA277D0E6500DC49C8 /* BankHandler.swift in Sources */,
			);
			runOnlyForDeploymentPostprocessing = 0;
		};
/* End PBXSourcesBuildPhase section */

/* Begin PBXVariantGroup section */
		FA383575277CBC6E00DC49C8 /* Main.storyboard */ = {
			isa = PBXVariantGroup;
			children = (
				FA383576277CBC6E00DC49C8 /* Base */,
			);
			name = Main.storyboard;
			sourceTree = "<group>";
		};
		FA38357A277CBC7000DC49C8 /* LaunchScreen.storyboard */ = {
			isa = PBXVariantGroup;
			children = (
				FA38357B277CBC7000DC49C8 /* Base */,
			);
			name = LaunchScreen.storyboard;
			sourceTree = "<group>";
		};
/* End PBXVariantGroup section */

/* Begin XCBuildConfiguration section */
		FA38357E277CBC7000DC49C8 /* Debug */ = {
			isa = XCBuildConfiguration;
			buildSettings = {
				ALWAYS_SEARCH_USER_PATHS = NO;
				CLANG_ANALYZER_NONNULL = YES;
				CLANG_ANALYZER_NUMBER_OBJECT_CONVERSION = YES_AGGRESSIVE;
				CLANG_CXX_LANGUAGE_STANDARD = "gnu++17";
				CLANG_CXX_LIBRARY = "libc++";
				CLANG_ENABLE_MODULES = YES;
				CLANG_ENABLE_OBJC_ARC = YES;
				CLANG_ENABLE_OBJC_WEAK = YES;
				CLANG_WARN_BLOCK_CAPTURE_AUTORELEASING = YES;
				CLANG_WARN_BOOL_CONVERSION = YES;
				CLANG_WARN_COMMA = YES;
				CLANG_WARN_CONSTANT_CONVERSION = YES;
				CLANG_WARN_DEPRECATED_OBJC_IMPLEMENTATIONS = YES;
				CLANG_WARN_DIRECT_OBJC_ISA_USAGE = YES_ERROR;
				CLANG_WARN_DOCUMENTATION_COMMENTS = YES;
				CLANG_WARN_EMPTY_BODY = YES;
				CLANG_WARN_ENUM_CONVERSION = YES;
				CLANG_WARN_INFINITE_RECURSION = YES;
				CLANG_WARN_INT_CONVERSION = YES;
				CLANG_WARN_NON_LITERAL_NULL_CONVERSION = YES;
				CLANG_WARN_OBJC_IMPLICIT_RETAIN_SELF = YES;
				CLANG_WARN_OBJC_LITERAL_CONVERSION = YES;
				CLANG_WARN_OBJC_ROOT_CLASS = YES_ERROR;
				CLANG_WARN_QUOTED_INCLUDE_IN_FRAMEWORK_HEADER = YES;
				CLANG_WARN_RANGE_LOOP_ANALYSIS = YES;
				CLANG_WARN_STRICT_PROTOTYPES = YES;
				CLANG_WARN_SUSPICIOUS_MOVE = YES;
				CLANG_WARN_UNGUARDED_AVAILABILITY = YES_AGGRESSIVE;
				CLANG_WARN_UNREACHABLE_CODE = YES;
				CLANG_WARN__DUPLICATE_METHOD_MATCH = YES;
				COPY_PHASE_STRIP = NO;
				DEBUG_INFORMATION_FORMAT = dwarf;
				ENABLE_STRICT_OBJC_MSGSEND = YES;
				ENABLE_TESTABILITY = YES;
				GCC_C_LANGUAGE_STANDARD = gnu11;
				GCC_DYNAMIC_NO_PIC = NO;
				GCC_NO_COMMON_BLOCKS = YES;
				GCC_OPTIMIZATION_LEVEL = 0;
				GCC_PREPROCESSOR_DEFINITIONS = (
					"DEBUG=1",
					"$(inherited)",
				);
				GCC_WARN_64_TO_32_BIT_CONVERSION = YES;
				GCC_WARN_ABOUT_RETURN_TYPE = YES_ERROR;
				GCC_WARN_UNDECLARED_SELECTOR = YES;
				GCC_WARN_UNINITIALIZED_AUTOS = YES_AGGRESSIVE;
				GCC_WARN_UNUSED_FUNCTION = YES;
				GCC_WARN_UNUSED_VARIABLE = YES;
				IPHONEOS_DEPLOYMENT_TARGET = 15.0;
				MTL_ENABLE_DEBUG_INFO = INCLUDE_SOURCE;
				MTL_FAST_MATH = YES;
				ONLY_ACTIVE_ARCH = YES;
				SDKROOT = iphoneos;
				SWIFT_ACTIVE_COMPILATION_CONDITIONS = DEBUG;
				SWIFT_OPTIMIZATION_LEVEL = "-Onone";
			};
			name = Debug;
		};
		FA38357F277CBC7000DC49C8 /* Release */ = {
			isa = XCBuildConfiguration;
			buildSettings = {
				ALWAYS_SEARCH_USER_PATHS = NO;
				CLANG_ANALYZER_NONNULL = YES;
				CLANG_ANALYZER_NUMBER_OBJECT_CONVERSION = YES_AGGRESSIVE;
				CLANG_CXX_LANGUAGE_STANDARD = "gnu++17";
				CLANG_CXX_LIBRARY = "libc++";
				CLANG_ENABLE_MODULES = YES;
				CLANG_ENABLE_OBJC_ARC = YES;
				CLANG_ENABLE_OBJC_WEAK = YES;
				CLANG_WARN_BLOCK_CAPTURE_AUTORELEASING = YES;
				CLANG_WARN_BOOL_CONVERSION = YES;
				CLANG_WARN_COMMA = YES;
				CLANG_WARN_CONSTANT_CONVERSION = YES;
				CLANG_WARN_DEPRECATED_OBJC_IMPLEMENTATIONS = YES;
				CLANG_WARN_DIRECT_OBJC_ISA_USAGE = YES_ERROR;
				CLANG_WARN_DOCUMENTATION_COMMENTS = YES;
				CLANG_WARN_EMPTY_BODY = YES;
				CLANG_WARN_ENUM_CONVERSION = YES;
				CLANG_WARN_INFINITE_RECURSION = YES;
				CLANG_WARN_INT_CONVERSION = YES;
				CLANG_WARN_NON_LITERAL_NULL_CONVERSION = YES;
				CLANG_WARN_OBJC_IMPLICIT_RETAIN_SELF = YES;
				CLANG_WARN_OBJC_LITERAL_CONVERSION = YES;
				CLANG_WARN_OBJC_ROOT_CLASS = YES_ERROR;
				CLANG_WARN_QUOTED_INCLUDE_IN_FRAMEWORK_HEADER = YES;
				CLANG_WARN_RANGE_LOOP_ANALYSIS = YES;
				CLANG_WARN_STRICT_PROTOTYPES = YES;
				CLANG_WARN_SUSPICIOUS_MOVE = YES;
				CLANG_WARN_UNGUARDED_AVAILABILITY = YES_AGGRESSIVE;
				CLANG_WARN_UNREACHABLE_CODE = YES;
				CLANG_WARN__DUPLICATE_METHOD_MATCH = YES;
				COPY_PHASE_STRIP = NO;
				DEBUG_INFORMATION_FORMAT = "dwarf-with-dsym";
				ENABLE_NS_ASSERTIONS = NO;
				ENABLE_STRICT_OBJC_MSGSEND = YES;
				GCC_C_LANGUAGE_STANDARD = gnu11;
				GCC_NO_COMMON_BLOCKS = YES;
				GCC_WARN_64_TO_32_BIT_CONVERSION = YES;
				GCC_WARN_ABOUT_RETURN_TYPE = YES_ERROR;
				GCC_WARN_UNDECLARED_SELECTOR = YES;
				GCC_WARN_UNINITIALIZED_AUTOS = YES_AGGRESSIVE;
				GCC_WARN_UNUSED_FUNCTION = YES;
				GCC_WARN_UNUSED_VARIABLE = YES;
				IPHONEOS_DEPLOYMENT_TARGET = 15.0;
				MTL_ENABLE_DEBUG_INFO = NO;
				MTL_FAST_MATH = YES;
				SDKROOT = iphoneos;
				SWIFT_COMPILATION_MODE = wholemodule;
				SWIFT_OPTIMIZATION_LEVEL = "-O";
				VALIDATE_PRODUCT = YES;
			};
			name = Release;
		};
		FA383581277CBC7000DC49C8 /* Debug */ = {
			isa = XCBuildConfiguration;
			buildSettings = {
				ASSETCATALOG_COMPILER_APPICON_NAME = AppIcon;
				ASSETCATALOG_COMPILER_GLOBAL_ACCENT_COLOR_NAME = AccentColor;
				CODE_SIGN_STYLE = Automatic;
				CURRENT_PROJECT_VERSION = 1;
				GENERATE_INFOPLIST_FILE = YES;
				INFOPLIST_FILE = Patrones_Diseno/Info.plist;
				INFOPLIST_KEY_UIApplicationSupportsIndirectInputEvents = YES;
				INFOPLIST_KEY_UILaunchStoryboardName = LaunchScreen;
				INFOPLIST_KEY_UIMainStoryboardFile = Main;
				INFOPLIST_KEY_UISupportedInterfaceOrientations_iPad = "UIInterfaceOrientationPortrait UIInterfaceOrientationPortraitUpsideDown UIInterfaceOrientationLandscapeLeft UIInterfaceOrientationLandscapeRight";
				INFOPLIST_KEY_UISupportedInterfaceOrientations_iPhone = "UIInterfaceOrientationPortrait UIInterfaceOrientationLandscapeLeft UIInterfaceOrientationLandscapeRight";
				LD_RUNPATH_SEARCH_PATHS = (
					"$(inherited)",
					"@executable_path/Frameworks",
				);
				MARKETING_VERSION = 1.0;
				PRODUCT_BUNDLE_IDENTIFIER = "com.iherrera.patrones.Patrones-Diseno";
				PRODUCT_NAME = "$(TARGET_NAME)";
				SWIFT_EMIT_LOC_STRINGS = YES;
				SWIFT_VERSION = 5.0;
				TARGETED_DEVICE_FAMILY = "1,2";
			};
			name = Debug;
		};
		FA383582277CBC7000DC49C8 /* Release */ = {
			isa = XCBuildConfiguration;
			buildSettings = {
				ASSETCATALOG_COMPILER_APPICON_NAME = AppIcon;
				ASSETCATALOG_COMPILER_GLOBAL_ACCENT_COLOR_NAME = AccentColor;
				CODE_SIGN_STYLE = Automatic;
				CURRENT_PROJECT_VERSION = 1;
				GENERATE_INFOPLIST_FILE = YES;
				INFOPLIST_FILE = Patrones_Diseno/Info.plist;
				INFOPLIST_KEY_UIApplicationSupportsIndirectInputEvents = YES;
				INFOPLIST_KEY_UILaunchStoryboardName = LaunchScreen;
				INFOPLIST_KEY_UIMainStoryboardFile = Main;
				INFOPLIST_KEY_UISupportedInterfaceOrientations_iPad = "UIInterfaceOrientationPortrait UIInterfaceOrientationPortraitUpsideDown UIInterfaceOrientationLandscapeLeft UIInterfaceOrientationLandscapeRight";
				INFOPLIST_KEY_UISupportedInterfaceOrientations_iPhone = "UIInterfaceOrientationPortrait UIInterfaceOrientationLandscapeLeft UIInterfaceOrientationLandscapeRight";
				LD_RUNPATH_SEARCH_PATHS = (
					"$(inherited)",
					"@executable_path/Frameworks",
				);
				MARKETING_VERSION = 1.0;
				PRODUCT_BUNDLE_IDENTIFIER = "com.iherrera.patrones.Patrones-Diseno";
				PRODUCT_NAME = "$(TARGET_NAME)";
				SWIFT_EMIT_LOC_STRINGS = YES;
				SWIFT_VERSION = 5.0;
				TARGETED_DEVICE_FAMILY = "1,2";
			};
			name = Release;
		};
/* End XCBuildConfiguration section */

/* Begin XCConfigurationList section */
		FA383567277CBC6E00DC49C8 /* Build configuration list for PBXProject "Patrones_Diseno" */ = {
			isa = XCConfigurationList;
			buildConfigurations = (
				FA38357E277CBC7000DC49C8 /* Debug */,
				FA38357F277CBC7000DC49C8 /* Release */,
			);
			defaultConfigurationIsVisible = 0;
			defaultConfigurationName = Release;
		};
		FA383580277CBC7000DC49C8 /* Build configuration list for PBXNativeTarget "Patrones_Diseno" */ = {
			isa = XCConfigurationList;
			buildConfigurations = (
				FA383581277CBC7000DC49C8 /* Debug */,
				FA383582277CBC7000DC49C8 /* Release */,
			);
			defaultConfigurationIsVisible = 0;
			defaultConfigurationName = Release;
		};
/* End XCConfigurationList section */
	};
	rootObject = FA383564277CBC6E00DC49C8 /* Project object */;
}
