// !$*UTF8*$!
{
	archiveVersion = 1;
	classes = {
	};
	objectVersion = 55;
	objects = {

/* Begin PBXBuildFile section */
		FA383570277CBC6E00DC49C8 /* AppDelegate.swift in Sources */ = {isa = PBXBuildFile; fileRef = FA38356F277CBC6E00DC49C8 /* AppDelegate.swift */; };
		FA383572277CBC6E00DC49C8 /* SceneDelegate.swift in Sources */ = {isa = PBXBuildFile; fileRef = FA383571277CBC6E00DC49C8 /* SceneDelegate.swift */; };
		FA383574277CBC6E00DC49C8 /* ViewController.swift in Sources */ = {isa = PBXBuildFile; fileRef = FA383573277CBC6E00DC49C8 /* ViewController.swift */; };
		FA383577277CBC6E00DC49C8 /* Main.storyboard in Resources */ = {isa = PBXBuildFile; fileRef = FA383575277CBC6E00DC49C8 /* Main.storyboard */; };
		FA383579277CBC7000DC49C8 /* Assets.xcassets in Resources */ = {isa = PBXBuildFile; fileRef = FA383578277CBC7000DC49C8 /* Assets.xcassets */; };
		FA38357C277CBC7000DC49C8 /* LaunchScreen.storyboard in Resources */ = {isa = PBXBuildFile; fileRef = FA38357A277CBC7000DC49C8 /* LaunchScreen.storyboard */; };
		FA383586277CC3B100DC49C8 /* Payment.swift in Sources */ = {isa = PBXBuildFile; fileRef = FA383585277CC3B100DC49C8 /* Payment.swift */; };
		FA383588277CC3DF00DC49C8 /* GooglePayment.swift in Sources */ = {isa = PBXBuildFile; fileRef = FA383587277CC3DF00DC49C8 /* GooglePayment.swift */; };
		FA38358A277CC41A00DC49C8 /* CardPayment.swift in Sources */ = {isa = PBXBuildFile; fileRef = FA383589277CC41A00DC49C8 /* CardPayment.swift */; };
		FA38358C277CC46700DC49C8 /* TypePayment.swift in Sources */ = {isa = PBXBuildFile; fileRef = FA38358B277CC46700DC49C8 /* TypePayment.swift */; };
		FA38358E277CC4D100DC49C8 /* PaymentFactory.swift in Sources */ = {isa = PBXBuildFile; fileRef = FA38358D277CC4D100DC49C8 /* PaymentFactory.swift */; };
		FA383591277CC8F000DC49C8 /* PaymentAF.swift in Sources */ = {isa = PBXBuildFile; fileRef = FA383590277CC8F000DC49C8 /* PaymentAF.swift */; };
		FA383593277CC93600DC49C8 /* CardPaymentAF.swift in Sources */ = {isa = PBXBuildFile; fileRef = FA383592277CC93600DC49C8 /* CardPaymentAF.swift */; };
		FA383595277CCC8200DC49C8 /* GooglePaymentAF.swift in Sources */ = {isa = PBXBuildFile; fileRef = FA383594277CCC8200DC49C8 /* GooglePaymentAF.swift */; };
		FA383597277CCCE900DC49C8 /* Method.swift in Sources */ = {isa = PBXBuildFile; fileRef = FA383596277CCCE900DC49C8 /* Method.swift */; };
		FA383599277CCE6E00DC49C8 /* MontlyMethod.swift in Sources */ = {isa = PBXBuildFile; fileRef = FA383598277CCE6E00DC49C8 /* MontlyMethod.swift */; };
		FA38359B277CCEE700DC49C8 /* PaymentInAdvanceMethod.swift in Sources */ = {isa = PBXBuildFile; fileRef = FA38359A277CCEE700DC49C8 /* PaymentInAdvanceMethod.swift */; };
		FA38359D277CCFB300DC49C8 /* AbstractFactory.swift in Sources */ = {isa = PBXBuildFile; fileRef = FA38359C277CCFB300DC49C8 /* AbstractFactory.swift */; };
		FA38359F277CD1D600DC49C8 /* PaymentInAdvanceCardFactory.swift in Sources */ = {isa = PBXBuildFile; fileRef = FA38359E277CD1D600DC49C8 /* PaymentInAdvanceCardFactory.swift */; };
		FA3835A1277CD30E00DC49C8 /* MontlyGoogleFactory.swift in Sources */ = {isa = PBXBuildFile; fileRef = FA3835A0277CD30E00DC49C8 /* MontlyGoogleFactory.swift */; };
		FA3835A3277CD37500DC49C8 /* PaymentMethodClient.swift in Sources */ = {isa = PBXBuildFile; fileRef = FA3835A2277CD37500DC49C8 /* PaymentMethodClient.swift */; };
		FA3835A6277CE12800DC49C8 /* Card.swift in Sources */ = {isa = PBXBuildFile; fileRef = FA3835A5277CE12800DC49C8 /* Card.swift */; };
		FA3835A9277CED2000DC49C8 /* PrototypeCard.swift in Sources */ = {isa = PBXBuildFile; fileRef = FA3835A8277CED2000DC49C8 /* PrototypeCard.swift */; };
		FA3835AB277CEEE200DC49C8 /* VisaCard.swift in Sources */ = {isa = PBXBuildFile; fileRef = FA3835AA277CEEE200DC49C8 /* VisaCard.swift */; };
		FA3835AE277CF6AA00DC49C8 /* CardSingleton.swift in Sources */ = {isa = PBXBuildFile; fileRef = FA3835AD277CF6AA00DC49C8 /* CardSingleton.swift */; };
		FA3835B2277D0B2300DC49C8 /* ApprovedLoanHandler.swift in Sources */ = {isa = PBXBuildFile; fileRef = FA3835B1277D0B2300DC49C8 /* ApprovedLoanHandler.swift */; };
		FA3835B4277D0C3C00DC49C8 /* GoldHandler.swift in Sources */ = {isa = PBXBuildFile; fileRef = FA3835B3277D0C3C00DC49C8 /* GoldHandler.swift */; };
		FA3835B6277D0D5300DC49C8 /* PlatiniumHandler.swift in Sources */ = {isa = PBXBuildFile; fileRef = FA3835B5277D0D5300DC49C8 /* PlatiniumHandler.swift */; };
		FA3835B8277D0DB000DC49C8 /* BlackHandler.swift in Sources */ = {isa = PBXBuildFile; fileRef = FA3835B7277D0DB000DC49C8 /* BlackHandler.swift */; };
		FA3835BA277D0E6500DC49C8 /* BankHandler.swift in Sources */ = {isa = PBXBuildFile; fileRef = FA3835B9277D0E6500DC49C8 /* BankHandler.swift */; };
		FA3835BD277D18C000DC49C8 /* Command.swift in Sources */ = {isa = PBXBuildFile; fileRef = FA3835BC277D18C000DC49C8 /* Command.swift */; };
		FA3835BF277D19BE00DC49C8 /* CreditCardReceiver.swift in Sources */ = {isa = PBXBuildFile; fileRef = FA3835BE277D19BE00DC49C8 /* CreditCardReceiver.swift */; };
		FA3835C1277D1B2A00DC49C8 /* CreditCardActiveCommand.swift in Sources */ = {isa = PBXBuildFile; fileRef = FA3835C0277D1B2A00DC49C8 /* CreditCardActiveCommand.swift */; };
		FA3835C3277D1CDD00DC49C8 /* CreditCardDisabledCommand.swift in Sources */ = {isa = PBXBuildFile; fileRef = FA3835C2277D1CDD00DC49C8 /* CreditCardDisabledCommand.swift */; };
		FA3835C5277D1D3400DC49C8 /* CreditCardInvoker.swift in Sources */ = {isa = PBXBuildFile; fileRef = FA3835C4277D1D3400DC49C8 /* CreditCardInvoker.swift */; };
		FA3835C8277D231200DC49C8 /* CreditCard.swift in Sources */ = {isa = PBXBuildFile; fileRef = FA3835C7277D231200DC49C8 /* CreditCard.swift */; };
		FA3835CA277D23F700DC49C8 /* CreditCardsCollection.swift in Sources */ = {isa = PBXBuildFile; fileRef = FA3835C9277D23F700DC49C8 /* CreditCardsCollection.swift */; };
		FA3835CC277D248000DC49C8 /* CreditCardIterator.swift in Sources */ = {isa = PBXBuildFile; fileRef = FA3835CB277D248000DC49C8 /* CreditCardIterator.swift */; };
		FA3A849D2784BE7F00837CB5 /* CreditCardProtocol.swift in Sources */ = {isa = PBXBuildFile; fileRef = FA3A849C2784BE7F00837CB5 /* CreditCardProtocol.swift */; };
		FA3A849F2784BEA200837CB5 /* SecureCreditCard.swift in Sources */ = {isa = PBXBuildFile; fileRef = FA3A849E2784BEA200837CB5 /* SecureCreditCard.swift */; };
		FA3A84A12784BEDF00837CB5 /* UnsecureCreditCard.swift in Sources */ = {isa = PBXBuildFile; fileRef = FA3A84A02784BEDF00837CB5 /* UnsecureCreditCard.swift */; };
		FA3A84A32784BF1B00837CB5 /* CreditCardBrigde.swift in Sources */ = {isa = PBXBuildFile; fileRef = FA3A84A22784BF1B00837CB5 /* CreditCardBrigde.swift */; };
		FA3A84A52784BF6800837CB5 /* ClassicCreditCard.swift in Sources */ = {isa = PBXBuildFile; fileRef = FA3A84A42784BF6800837CB5 /* ClassicCreditCard.swift */; };
		FA3A84A82784C26800837CB5 /* AccountComponent.swift in Sources */ = {isa = PBXBuildFile; fileRef = FA3A84A72784C26800837CB5 /* AccountComponent.swift */; };
		FA3A84AA2784C29800837CB5 /* SavingsAccountLead.swift in Sources */ = {isa = PBXBuildFile; fileRef = FA3A84A92784C29800837CB5 /* SavingsAccountLead.swift */; };
		FA3A84AC2784C57E00837CB5 /* CurrentAccountLead.swift in Sources */ = {isa = PBXBuildFile; fileRef = FA3A84AB2784C57E00837CB5 /* CurrentAccountLead.swift */; };
		FA3A84AE2784C5A400837CB5 /* AccountComposite.swift in Sources */ = {isa = PBXBuildFile; fileRef = FA3A84AD2784C5A400837CB5 /* AccountComposite.swift */; };
		FA3A84B12784D1AE00837CB5 /* CreditComponent.swift in Sources */ = {isa = PBXBuildFile; fileRef = FA3A84B02784D1AE00837CB5 /* CreditComponent.swift */; };
		FA3A84B32784DD7300837CB5 /* BlackCreditComponent.swift in Sources */ = {isa = PBXBuildFile; fileRef = FA3A84B22784DD7300837CB5 /* BlackCreditComponent.swift */; };
		FA3A84B52784DDAE00837CB5 /* GoldCreditComponent.swift in Sources */ = {isa = PBXBuildFile; fileRef = FA3A84B42784DDAE00837CB5 /* GoldCreditComponent.swift */; };
		FA3A84B72784DDDD00837CB5 /* CreditDecorator.swift in Sources */ = {isa = PBXBuildFile; fileRef = FA3A84B62784DDDD00837CB5 /* CreditDecorator.swift */; };
		FA3A84B92784DE4000837CB5 /* IntenatinalPaymenyDecorator.swift in Sources */ = {isa = PBXBuildFile; fileRef = FA3A84B82784DE4000837CB5 /* IntenatinalPaymenyDecorator.swift */; };
		FA3A84BB2784DF0E00837CB5 /* SecureDecorator.swift in Sources */ = {isa = PBXBuildFile; fileRef = FA3A84BA2784DF0E00837CB5 /* SecureDecorator.swift */; };
		FA3A84BE2784F85100837CB5 /* CreditModule.swift in Sources */ = {isa = PBXBuildFile; fileRef = FA3A84BD2784F85100837CB5 /* CreditModule.swift */; };
		FA3A84C02784F86F00837CB5 /* BlackModule.swift in Sources */ = {isa = PBXBuildFile; fileRef = FA3A84BF2784F86F00837CB5 /* BlackModule.swift */; };
		FA3A84C22784F8B700837CB5 /* GoldModule.swift in Sources */ = {isa = PBXBuildFile; fileRef = FA3A84C12784F8B700837CB5 /* GoldModule.swift */; };
		FA3A84C42784F8E700837CB5 /* SilverModule.swift in Sources */ = {isa = PBXBuildFile; fileRef = FA3A84C32784F8E700837CB5 /* SilverModule.swift */; };
		FA3A84C62784F90900837CB5 /* CreditMarketfacade.swift in Sources */ = {isa = PBXBuildFile; fileRef = FA3A84C52784F90900837CB5 /* CreditMarketfacade.swift */; };
		FA3A84C92784FC6600837CB5 /* Enemy.swift in Sources */ = {isa = PBXBuildFile; fileRef = FA3A84C82784FC6600837CB5 /* Enemy.swift */; };
		FA3A84CB2784FCAE00837CB5 /* Detective.swift in Sources */ = {isa = PBXBuildFile; fileRef = FA3A84CA2784FCAE00837CB5 /* Detective.swift */; };
		FA3A84CD2784FD3D00837CB5 /* Soldier.swift in Sources */ = {isa = PBXBuildFile; fileRef = FA3A84CC2784FD3D00837CB5 /* Soldier.swift */; };
		FA3A84CF2784FD9E00837CB5 /* EnemyFactory.swift in Sources */ = {isa = PBXBuildFile; fileRef = FA3A84CE2784FD9E00837CB5 /* EnemyFactory.swift */; };
		FA3A84D32785037400837CB5 /* Interner.swift in Sources */ = {isa = PBXBuildFile; fileRef = FA3A84D22785037400837CB5 /* Interner.swift */; };
		FA3A84D52785039C00837CB5 /* AccessToInternet.swift in Sources */ = {isa = PBXBuildFile; fileRef = FA3A84D42785039C00837CB5 /* AccessToInternet.swift */; };
		FA3A84D7278503DF00837CB5 /* ProxyInternet.swift in Sources */ = {isa = PBXBuildFile; fileRef = FA3A84D6278503DF00837CB5 /* ProxyInternet.swift */; };
		FA456099278356AD009A26EF /* Mediator.swift in Sources */ = {isa = PBXBuildFile; fileRef = FA456098278356AD009A26EF /* Mediator.swift */; };
		FA45609B27835708009A26EF /* Colleague.swift in Sources */ = {isa = PBXBuildFile; fileRef = FA45609A27835708009A26EF /* Colleague.swift */; };
		FA45609D278357BD009A26EF /* ConcreteColleague1.swift in Sources */ = {isa = PBXBuildFile; fileRef = FA45609C278357BD009A26EF /* ConcreteColleague1.swift */; };
		FAEA14CB278364B300B5A4DF /* ConcreteColleague2.swift in Sources */ = {isa = PBXBuildFile; fileRef = FAEA14CA278364B300B5A4DF /* ConcreteColleague2.swift */; };
		FAEA14CD2783650000B5A4DF /* ConcreteMediator.swift in Sources */ = {isa = PBXBuildFile; fileRef = FAEA14CC2783650000B5A4DF /* ConcreteMediator.swift */; };
		FAEA14D0278369E300B5A4DF /* ArticleMemento.swift in Sources */ = {isa = PBXBuildFile; fileRef = FAEA14CF278369E300B5A4DF /* ArticleMemento.swift */; };
		FAEA14D227836A5B00B5A4DF /* ArticleOriginator.swift in Sources */ = {isa = PBXBuildFile; fileRef = FAEA14D127836A5B00B5A4DF /* ArticleOriginator.swift */; };
		FAEA14D427836B4B00B5A4DF /* Carataker.swift in Sources */ = {isa = PBXBuildFile; fileRef = FAEA14D327836B4B00B5A4DF /* Carataker.swift */; };
		FAEA15792783756600B5A4DF /* TrafficLight.swift in Sources */ = {isa = PBXBuildFile; fileRef = FAEA15782783756600B5A4DF /* TrafficLight.swift */; };
		FAEA157B2783765000B5A4DF /* Observer.swift in Sources */ = {isa = PBXBuildFile; fileRef = FAEA157A2783765000B5A4DF /* Observer.swift */; };
		FAEA157D2783771600B5A4DF /* Subject.swift in Sources */ = {isa = PBXBuildFile; fileRef = FAEA157C2783771600B5A4DF /* Subject.swift */; };
		FAEA157F278377D500B5A4DF /* MessagePublisher.swift in Sources */ = {isa = PBXBuildFile; fileRef = FAEA157E278377D500B5A4DF /* MessagePublisher.swift */; };
		FAEA158127837A0300B5A4DF /* Car.swift in Sources */ = {isa = PBXBuildFile; fileRef = FAEA158027837A0300B5A4DF /* Car.swift */; };
		FAEA158327837CB400B5A4DF /* Pedestrian.swift in Sources */ = {isa = PBXBuildFile; fileRef = FAEA158227837CB400B5A4DF /* Pedestrian.swift */; };
		FAEA15862783901700B5A4DF /* MobileAlertStateContext.swift in Sources */ = {isa = PBXBuildFile; fileRef = FAEA15852783901700B5A4DF /* MobileAlertStateContext.swift */; };
		FAEA15882783905400B5A4DF /* MobileAlertState.swift in Sources */ = {isa = PBXBuildFile; fileRef = FAEA15872783905400B5A4DF /* MobileAlertState.swift */; };
		FAEA158A278390EF00B5A4DF /* Sound.swift in Sources */ = {isa = PBXBuildFile; fileRef = FAEA1589278390EF00B5A4DF /* Sound.swift */; };
		FAEA158C2783912F00B5A4DF /* Vibration.swift in Sources */ = {isa = PBXBuildFile; fileRef = FAEA158B2783912F00B5A4DF /* Vibration.swift */; };
		FAEA158E2783914300B5A4DF /* Silent.swift in Sources */ = {isa = PBXBuildFile; fileRef = FAEA158D2783914300B5A4DF /* Silent.swift */; };
		FAEA15912783A8C000B5A4DF /* StrategyTestFormatter.swift in Sources */ = {isa = PBXBuildFile; fileRef = FAEA15902783A8C000B5A4DF /* StrategyTestFormatter.swift */; };
		FAEA15932783A8F800B5A4DF /* CapitalStrategyTestFormatter.swift in Sources */ = {isa = PBXBuildFile; fileRef = FAEA15922783A8F800B5A4DF /* CapitalStrategyTestFormatter.swift */; };
		FAEA15952783A93B00B5A4DF /* LowerStrategyTestFormatter.swift in Sources */ = {isa = PBXBuildFile; fileRef = FAEA15942783A93B00B5A4DF /* LowerStrategyTestFormatter.swift */; };
		FAEA15972783AA0E00B5A4DF /* Context.swift in Sources */ = {isa = PBXBuildFile; fileRef = FAEA15962783AA0E00B5A4DF /* Context.swift */; };
		FAEA159A2783ADC100B5A4DF /* PaymentTemplate.swift in Sources */ = {isa = PBXBuildFile; fileRef = FAEA15992783ADC100B5A4DF /* PaymentTemplate.swift */; };
		FAEA159C2783AE6B00B5A4DF /* Paypal.swift in Sources */ = {isa = PBXBuildFile; fileRef = FAEA159B2783AE6B00B5A4DF /* Paypal.swift */; };
		FAEA159E2783AF0900B5A4DF /* Visa.swift in Sources */ = {isa = PBXBuildFile; fileRef = FAEA159D2783AF0900B5A4DF /* Visa.swift */; };
		FAEA15A12783B27E00B5A4DF /* CreditCardVisitor.swift in Sources */ = {isa = PBXBuildFile; fileRef = FAEA15A02783B27E00B5A4DF /* CreditCardVisitor.swift */; };
		FAEA15A32783B2A300B5A4DF /* OfferElement.swift in Sources */ = {isa = PBXBuildFile; fileRef = FAEA15A22783B2A300B5A4DF /* OfferElement.swift */; };
		FAEA15A52783B2B900B5A4DF /* GassolineOffer.swift in Sources */ = {isa = PBXBuildFile; fileRef = FAEA15A42783B2B900B5A4DF /* GassolineOffer.swift */; };
		FAEA15A72783B38C00B5A4DF /* FlightsOffer.swift in Sources */ = {isa = PBXBuildFile; fileRef = FAEA15A62783B38C00B5A4DF /* FlightsOffer.swift */; };
		FAEA15A92783B3B900B5A4DF /* ClassicCreditCardVisitor.swift in Sources */ = {isa = PBXBuildFile; fileRef = FAEA15A82783B3B900B5A4DF /* ClassicCreditCardVisitor.swift */; };
		FAEA15AB2783B47200B5A4DF /* BlackCreditCardVisitor.swift in Sources */ = {isa = PBXBuildFile; fileRef = FAEA15AA2783B47200B5A4DF /* BlackCreditCardVisitor.swift */; };
		FAEA15AF2783C0E200B5A4DF /* OperationTarget.swift in Sources */ = {isa = PBXBuildFile; fileRef = FAEA15AE2783C0E200B5A4DF /* OperationTarget.swift */; };
		FAEA15B12783C14900B5A4DF /* OperationAdaptee.swift in Sources */ = {isa = PBXBuildFile; fileRef = FAEA15B02783C14900B5A4DF /* OperationAdaptee.swift */; };
		FAEA15B32783C22300B5A4DF /* OperationAdapter.swift in Sources */ = {isa = PBXBuildFile; fileRef = FAEA15B22783C22300B5A4DF /* OperationAdapter.swift */; };
/* End PBXBuildFile section */

/* Begin PBXFileReference section */
		FA38356C277CBC6E00DC49C8 /* Patrones_Diseno.app */ = {isa = PBXFileReference; explicitFileType = wrapper.application; includeInIndex = 0; path = Patrones_Diseno.app; sourceTree = BUILT_PRODUCTS_DIR; };
		FA38356F277CBC6E00DC49C8 /* AppDelegate.swift */ = {isa = PBXFileReference; lastKnownFileType = sourcecode.swift; path = AppDelegate.swift; sourceTree = "<group>"; };
		FA383571277CBC6E00DC49C8 /* SceneDelegate.swift */ = {isa = PBXFileReference; lastKnownFileType = sourcecode.swift; path = SceneDelegate.swift; sourceTree = "<group>"; };
		FA383573277CBC6E00DC49C8 /* ViewController.swift */ = {isa = PBXFileReference; lastKnownFileType = sourcecode.swift; path = ViewController.swift; sourceTree = "<group>"; };
		FA383576277CBC6E00DC49C8 /* Base */ = {isa = PBXFileReference; lastKnownFileType = file.storyboard; name = Base; path = Base.lproj/Main.storyboard; sourceTree = "<group>"; };
		FA383578277CBC7000DC49C8 /* Assets.xcassets */ = {isa = PBXFileReference; lastKnownFileType = folder.assetcatalog; path = Assets.xcassets; sourceTree = "<group>"; };
		FA38357B277CBC7000DC49C8 /* Base */ = {isa = PBXFileReference; lastKnownFileType = file.storyboard; name = Base; path = Base.lproj/LaunchScreen.storyboard; sourceTree = "<group>"; };
		FA38357D277CBC7000DC49C8 /* Info.plist */ = {isa = PBXFileReference; lastKnownFileType = text.plist.xml; path = Info.plist; sourceTree = "<group>"; };
		FA383585277CC3B100DC49C8 /* Payment.swift */ = {isa = PBXFileReference; lastKnownFileType = sourcecode.swift; path = Payment.swift; sourceTree = "<group>"; };
		FA383587277CC3DF00DC49C8 /* GooglePayment.swift */ = {isa = PBXFileReference; lastKnownFileType = sourcecode.swift; path = GooglePayment.swift; sourceTree = "<group>"; };
		FA383589277CC41A00DC49C8 /* CardPayment.swift */ = {isa = PBXFileReference; lastKnownFileType = sourcecode.swift; path = CardPayment.swift; sourceTree = "<group>"; };
		FA38358B277CC46700DC49C8 /* TypePayment.swift */ = {isa = PBXFileReference; lastKnownFileType = sourcecode.swift; path = TypePayment.swift; sourceTree = "<group>"; };
		FA38358D277CC4D100DC49C8 /* PaymentFactory.swift */ = {isa = PBXFileReference; lastKnownFileType = sourcecode.swift; path = PaymentFactory.swift; sourceTree = "<group>"; };
		FA383590277CC8F000DC49C8 /* PaymentAF.swift */ = {isa = PBXFileReference; lastKnownFileType = sourcecode.swift; path = PaymentAF.swift; sourceTree = "<group>"; };
		FA383592277CC93600DC49C8 /* CardPaymentAF.swift */ = {isa = PBXFileReference; lastKnownFileType = sourcecode.swift; path = CardPaymentAF.swift; sourceTree = "<group>"; };
		FA383594277CCC8200DC49C8 /* GooglePaymentAF.swift */ = {isa = PBXFileReference; lastKnownFileType = sourcecode.swift; path = GooglePaymentAF.swift; sourceTree = "<group>"; };
		FA383596277CCCE900DC49C8 /* Method.swift */ = {isa = PBXFileReference; lastKnownFileType = sourcecode.swift; path = Method.swift; sourceTree = "<group>"; };
		FA383598277CCE6E00DC49C8 /* MontlyMethod.swift */ = {isa = PBXFileReference; lastKnownFileType = sourcecode.swift; path = MontlyMethod.swift; sourceTree = "<group>"; };
		FA38359A277CCEE700DC49C8 /* PaymentInAdvanceMethod.swift */ = {isa = PBXFileReference; lastKnownFileType = sourcecode.swift; path = PaymentInAdvanceMethod.swift; sourceTree = "<group>"; };
		FA38359C277CCFB300DC49C8 /* AbstractFactory.swift */ = {isa = PBXFileReference; lastKnownFileType = sourcecode.swift; path = AbstractFactory.swift; sourceTree = "<group>"; };
		FA38359E277CD1D600DC49C8 /* PaymentInAdvanceCardFactory.swift */ = {isa = PBXFileReference; lastKnownFileType = sourcecode.swift; path = PaymentInAdvanceCardFactory.swift; sourceTree = "<group>"; };
		FA3835A0277CD30E00DC49C8 /* MontlyGoogleFactory.swift */ = {isa = PBXFileReference; lastKnownFileType = sourcecode.swift; path = MontlyGoogleFactory.swift; sourceTree = "<group>"; };
		FA3835A2277CD37500DC49C8 /* PaymentMethodClient.swift */ = {isa = PBXFileReference; lastKnownFileType = sourcecode.swift; path = PaymentMethodClient.swift; sourceTree = "<group>"; };
		FA3835A5277CE12800DC49C8 /* Card.swift */ = {isa = PBXFileReference; lastKnownFileType = sourcecode.swift; path = Card.swift; sourceTree = "<group>"; };
		FA3835A8277CED2000DC49C8 /* PrototypeCard.swift */ = {isa = PBXFileReference; lastKnownFileType = sourcecode.swift; path = PrototypeCard.swift; sourceTree = "<group>"; };
		FA3835AA277CEEE200DC49C8 /* VisaCard.swift */ = {isa = PBXFileReference; lastKnownFileType = sourcecode.swift; path = VisaCard.swift; sourceTree = "<group>"; };
		FA3835AD277CF6AA00DC49C8 /* CardSingleton.swift */ = {isa = PBXFileReference; lastKnownFileType = sourcecode.swift; path = CardSingleton.swift; sourceTree = "<group>"; };
		FA3835B1277D0B2300DC49C8 /* ApprovedLoanHandler.swift */ = {isa = PBXFileReference; lastKnownFileType = sourcecode.swift; path = ApprovedLoanHandler.swift; sourceTree = "<group>"; };
		FA3835B3277D0C3C00DC49C8 /* GoldHandler.swift */ = {isa = PBXFileReference; lastKnownFileType = sourcecode.swift; path = GoldHandler.swift; sourceTree = "<group>"; };
		FA3835B5277D0D5300DC49C8 /* PlatiniumHandler.swift */ = {isa = PBXFileReference; lastKnownFileType = sourcecode.swift; path = PlatiniumHandler.swift; sourceTree = "<group>"; };
		FA3835B7277D0DB000DC49C8 /* BlackHandler.swift */ = {isa = PBXFileReference; lastKnownFileType = sourcecode.swift; path = BlackHandler.swift; sourceTree = "<group>"; };
		FA3835B9277D0E6500DC49C8 /* BankHandler.swift */ = {isa = PBXFileReference; lastKnownFileType = sourcecode.swift; path = BankHandler.swift; sourceTree = "<group>"; };
		FA3835BC277D18C000DC49C8 /* Command.swift */ = {isa = PBXFileReference; lastKnownFileType = sourcecode.swift; path = Command.swift; sourceTree = "<group>"; };
		FA3835BE277D19BE00DC49C8 /* CreditCardReceiver.swift */ = {isa = PBXFileReference; lastKnownFileType = sourcecode.swift; path = CreditCardReceiver.swift; sourceTree = "<group>"; };
		FA3835C0277D1B2A00DC49C8 /* CreditCardActiveCommand.swift */ = {isa = PBXFileReference; lastKnownFileType = sourcecode.swift; path = CreditCardActiveCommand.swift; sourceTree = "<group>"; };
		FA3835C2277D1CDD00DC49C8 /* CreditCardDisabledCommand.swift */ = {isa = PBXFileReference; lastKnownFileType = sourcecode.swift; path = CreditCardDisabledCommand.swift; sourceTree = "<group>"; };
		FA3835C4277D1D3400DC49C8 /* CreditCardInvoker.swift */ = {isa = PBXFileReference; lastKnownFileType = sourcecode.swift; path = CreditCardInvoker.swift; sourceTree = "<group>"; };
		FA3835C7277D231200DC49C8 /* CreditCard.swift */ = {isa = PBXFileReference; lastKnownFileType = sourcecode.swift; path = CreditCard.swift; sourceTree = "<group>"; };
		FA3835C9277D23F700DC49C8 /* CreditCardsCollection.swift */ = {isa = PBXFileReference; lastKnownFileType = sourcecode.swift; path = CreditCardsCollection.swift; sourceTree = "<group>"; };
		FA3835CB277D248000DC49C8 /* CreditCardIterator.swift */ = {isa = PBXFileReference; lastKnownFileType = sourcecode.swift; path = CreditCardIterator.swift; sourceTree = "<group>"; };
		FA3A849C2784BE7F00837CB5 /* CreditCardProtocol.swift */ = {isa = PBXFileReference; lastKnownFileType = sourcecode.swift; path = CreditCardProtocol.swift; sourceTree = "<group>"; };
		FA3A849E2784BEA200837CB5 /* SecureCreditCard.swift */ = {isa = PBXFileReference; lastKnownFileType = sourcecode.swift; path = SecureCreditCard.swift; sourceTree = "<group>"; };
		FA3A84A02784BEDF00837CB5 /* UnsecureCreditCard.swift */ = {isa = PBXFileReference; lastKnownFileType = sourcecode.swift; path = UnsecureCreditCard.swift; sourceTree = "<group>"; };
		FA3A84A22784BF1B00837CB5 /* CreditCardBrigde.swift */ = {isa = PBXFileReference; lastKnownFileType = sourcecode.swift; path = CreditCardBrigde.swift; sourceTree = "<group>"; };
		FA3A84A42784BF6800837CB5 /* ClassicCreditCard.swift */ = {isa = PBXFileReference; lastKnownFileType = sourcecode.swift; path = ClassicCreditCard.swift; sourceTree = "<group>"; };
		FA3A84A72784C26800837CB5 /* AccountComponent.swift */ = {isa = PBXFileReference; lastKnownFileType = sourcecode.swift; path = AccountComponent.swift; sourceTree = "<group>"; };
		FA3A84A92784C29800837CB5 /* SavingsAccountLead.swift */ = {isa = PBXFileReference; lastKnownFileType = sourcecode.swift; path = SavingsAccountLead.swift; sourceTree = "<group>"; };
		FA3A84AB2784C57E00837CB5 /* CurrentAccountLead.swift */ = {isa = PBXFileReference; lastKnownFileType = sourcecode.swift; path = CurrentAccountLead.swift; sourceTree = "<group>"; };
		FA3A84AD2784C5A400837CB5 /* AccountComposite.swift */ = {isa = PBXFileReference; lastKnownFileType = sourcecode.swift; path = AccountComposite.swift; sourceTree = "<group>"; };
		FA3A84B02784D1AE00837CB5 /* CreditComponent.swift */ = {isa = PBXFileReference; lastKnownFileType = sourcecode.swift; path = CreditComponent.swift; sourceTree = "<group>"; };
		FA3A84B22784DD7300837CB5 /* BlackCreditComponent.swift */ = {isa = PBXFileReference; lastKnownFileType = sourcecode.swift; path = BlackCreditComponent.swift; sourceTree = "<group>"; };
		FA3A84B42784DDAE00837CB5 /* GoldCreditComponent.swift */ = {isa = PBXFileReference; lastKnownFileType = sourcecode.swift; path = GoldCreditComponent.swift; sourceTree = "<group>"; };
		FA3A84B62784DDDD00837CB5 /* CreditDecorator.swift */ = {isa = PBXFileReference; lastKnownFileType = sourcecode.swift; path = CreditDecorator.swift; sourceTree = "<group>"; };
		FA3A84B82784DE4000837CB5 /* IntenatinalPaymenyDecorator.swift */ = {isa = PBXFileReference; lastKnownFileType = sourcecode.swift; path = IntenatinalPaymenyDecorator.swift; sourceTree = "<group>"; };
		FA3A84BA2784DF0E00837CB5 /* SecureDecorator.swift */ = {isa = PBXFileReference; lastKnownFileType = sourcecode.swift; path = SecureDecorator.swift; sourceTree = "<group>"; };
		FA3A84BD2784F85100837CB5 /* CreditModule.swift */ = {isa = PBXFileReference; lastKnownFileType = sourcecode.swift; path = CreditModule.swift; sourceTree = "<group>"; };
		FA3A84BF2784F86F00837CB5 /* BlackModule.swift */ = {isa = PBXFileReference; lastKnownFileType = sourcecode.swift; path = BlackModule.swift; sourceTree = "<group>"; };
		FA3A84C12784F8B700837CB5 /* GoldModule.swift */ = {isa = PBXFileReference; lastKnownFileType = sourcecode.swift; path = GoldModule.swift; sourceTree = "<group>"; };
		FA3A84C32784F8E700837CB5 /* SilverModule.swift */ = {isa = PBXFileReference; lastKnownFileType = sourcecode.swift; path = SilverModule.swift; sourceTree = "<group>"; };
		FA3A84C52784F90900837CB5 /* CreditMarketfacade.swift */ = {isa = PBXFileReference; lastKnownFileType = sourcecode.swift; path = CreditMarketfacade.swift; sourceTree = "<group>"; };
		FA3A84C82784FC6600837CB5 /* Enemy.swift */ = {isa = PBXFileReference; lastKnownFileType = sourcecode.swift; path = Enemy.swift; sourceTree = "<group>"; };
		FA3A84CA2784FCAE00837CB5 /* Detective.swift */ = {isa = PBXFileReference; lastKnownFileType = sourcecode.swift; path = Detective.swift; sourceTree = "<group>"; };
		FA3A84CC2784FD3D00837CB5 /* Soldier.swift */ = {isa = PBXFileReference; lastKnownFileType = sourcecode.swift; path = Soldier.swift; sourceTree = "<group>"; };
		FA3A84CE2784FD9E00837CB5 /* EnemyFactory.swift */ = {isa = PBXFileReference; lastKnownFileType = sourcecode.swift; path = EnemyFactory.swift; sourceTree = "<group>"; };
		FA3A84D22785037400837CB5 /* Interner.swift */ = {isa = PBXFileReference; lastKnownFileType = sourcecode.swift; path = Interner.swift; sourceTree = "<group>"; };
		FA3A84D42785039C00837CB5 /* AccessToInternet.swift */ = {isa = PBXFileReference; lastKnownFileType = sourcecode.swift; path = AccessToInternet.swift; sourceTree = "<group>"; };
		FA3A84D6278503DF00837CB5 /* ProxyInternet.swift */ = {isa = PBXFileReference; lastKnownFileType = sourcecode.swift; path = ProxyInternet.swift; sourceTree = "<group>"; };
		FA456098278356AD009A26EF /* Mediator.swift */ = {isa = PBXFileReference; lastKnownFileType = sourcecode.swift; path = Mediator.swift; sourceTree = "<group>"; };
		FA45609A27835708009A26EF /* Colleague.swift */ = {isa = PBXFileReference; lastKnownFileType = sourcecode.swift; path = Colleague.swift; sourceTree = "<group>"; };
		FA45609C278357BD009A26EF /* ConcreteColleague1.swift */ = {isa = PBXFileReference; lastKnownFileType = sourcecode.swift; path = ConcreteColleague1.swift; sourceTree = "<group>"; };
		FAEA14CA278364B300B5A4DF /* ConcreteColleague2.swift */ = {isa = PBXFileReference; lastKnownFileType = sourcecode.swift; path = ConcreteColleague2.swift; sourceTree = "<group>"; };
		FAEA14CC2783650000B5A4DF /* ConcreteMediator.swift */ = {isa = PBXFileReference; lastKnownFileType = sourcecode.swift; path = ConcreteMediator.swift; sourceTree = "<group>"; };
		FAEA14CF278369E300B5A4DF /* ArticleMemento.swift */ = {isa = PBXFileReference; lastKnownFileType = sourcecode.swift; path = ArticleMemento.swift; sourceTree = "<group>"; };
		FAEA14D127836A5B00B5A4DF /* ArticleOriginator.swift */ = {isa = PBXFileReference; lastKnownFileType = sourcecode.swift; path = ArticleOriginator.swift; sourceTree = "<group>"; };
		FAEA14D327836B4B00B5A4DF /* Carataker.swift */ = {isa = PBXFileReference; lastKnownFileType = sourcecode.swift; path = Carataker.swift; sourceTree = "<group>"; };
		FAEA15782783756600B5A4DF /* TrafficLight.swift */ = {isa = PBXFileReference; lastKnownFileType = sourcecode.swift; path = TrafficLight.swift; sourceTree = "<group>"; };
		FAEA157A2783765000B5A4DF /* Observer.swift */ = {isa = PBXFileReference; lastKnownFileType = sourcecode.swift; path = Observer.swift; sourceTree = "<group>"; };
		FAEA157C2783771600B5A4DF /* Subject.swift */ = {isa = PBXFileReference; lastKnownFileType = sourcecode.swift; path = Subject.swift; sourceTree = "<group>"; };
		FAEA157E278377D500B5A4DF /* MessagePublisher.swift */ = {isa = PBXFileReference; lastKnownFileType = sourcecode.swift; path = MessagePublisher.swift; sourceTree = "<group>"; };
		FAEA158027837A0300B5A4DF /* Car.swift */ = {isa = PBXFileReference; lastKnownFileType = sourcecode.swift; path = Car.swift; sourceTree = "<group>"; };
		FAEA158227837CB400B5A4DF /* Pedestrian.swift */ = {isa = PBXFileReference; lastKnownFileType = sourcecode.swift; path = Pedestrian.swift; sourceTree = "<group>"; };
		FAEA15852783901700B5A4DF /* MobileAlertStateContext.swift */ = {isa = PBXFileReference; lastKnownFileType = sourcecode.swift; path = MobileAlertStateContext.swift; sourceTree = "<group>"; };
		FAEA15872783905400B5A4DF /* MobileAlertState.swift */ = {isa = PBXFileReference; lastKnownFileType = sourcecode.swift; path = MobileAlertState.swift; sourceTree = "<group>"; };
		FAEA1589278390EF00B5A4DF /* Sound.swift */ = {isa = PBXFileReference; lastKnownFileType = sourcecode.swift; path = Sound.swift; sourceTree = "<group>"; };
		FAEA158B2783912F00B5A4DF /* Vibration.swift */ = {isa = PBXFileReference; lastKnownFileType = sourcecode.swift; path = Vibration.swift; sourceTree = "<group>"; };
		FAEA158D2783914300B5A4DF /* Silent.swift */ = {isa = PBXFileReference; lastKnownFileType = sourcecode.swift; path = Silent.swift; sourceTree = "<group>"; };
		FAEA15902783A8C000B5A4DF /* StrategyTestFormatter.swift */ = {isa = PBXFileReference; lastKnownFileType = sourcecode.swift; path = StrategyTestFormatter.swift; sourceTree = "<group>"; };
		FAEA15922783A8F800B5A4DF /* CapitalStrategyTestFormatter.swift */ = {isa = PBXFileReference; lastKnownFileType = sourcecode.swift; path = CapitalStrategyTestFormatter.swift; sourceTree = "<group>"; };
		FAEA15942783A93B00B5A4DF /* LowerStrategyTestFormatter.swift */ = {isa = PBXFileReference; lastKnownFileType = sourcecode.swift; path = LowerStrategyTestFormatter.swift; sourceTree = "<group>"; };
		FAEA15962783AA0E00B5A4DF /* Context.swift */ = {isa = PBXFileReference; lastKnownFileType = sourcecode.swift; path = Context.swift; sourceTree = "<group>"; };
		FAEA15992783ADC100B5A4DF /* PaymentTemplate.swift */ = {isa = PBXFileReference; lastKnownFileType = sourcecode.swift; path = PaymentTemplate.swift; sourceTree = "<group>"; };
		FAEA159B2783AE6B00B5A4DF /* Paypal.swift */ = {isa = PBXFileReference; lastKnownFileType = sourcecode.swift; path = Paypal.swift; sourceTree = "<group>"; };
		FAEA159D2783AF0900B5A4DF /* Visa.swift */ = {isa = PBXFileReference; lastKnownFileType = sourcecode.swift; path = Visa.swift; sourceTree = "<group>"; };
		FAEA15A02783B27E00B5A4DF /* CreditCardVisitor.swift */ = {isa = PBXFileReference; lastKnownFileType = sourcecode.swift; path = CreditCardVisitor.swift; sourceTree = "<group>"; };
		FAEA15A22783B2A300B5A4DF /* OfferElement.swift */ = {isa = PBXFileReference; lastKnownFileType = sourcecode.swift; path = OfferElement.swift; sourceTree = "<group>"; };
		FAEA15A42783B2B900B5A4DF /* GassolineOffer.swift */ = {isa = PBXFileReference; lastKnownFileType = sourcecode.swift; path = GassolineOffer.swift; sourceTree = "<group>"; };
		FAEA15A62783B38C00B5A4DF /* FlightsOffer.swift */ = {isa = PBXFileReference; lastKnownFileType = sourcecode.swift; path = FlightsOffer.swift; sourceTree = "<group>"; };
		FAEA15A82783B3B900B5A4DF /* ClassicCreditCardVisitor.swift */ = {isa = PBXFileReference; lastKnownFileType = sourcecode.swift; path = ClassicCreditCardVisitor.swift; sourceTree = "<group>"; };
		FAEA15AA2783B47200B5A4DF /* BlackCreditCardVisitor.swift */ = {isa = PBXFileReference; lastKnownFileType = sourcecode.swift; path = BlackCreditCardVisitor.swift; sourceTree = "<group>"; };
		FAEA15AE2783C0E200B5A4DF /* OperationTarget.swift */ = {isa = PBXFileReference; lastKnownFileType = sourcecode.swift; path = OperationTarget.swift; sourceTree = "<group>"; };
		FAEA15B02783C14900B5A4DF /* OperationAdaptee.swift */ = {isa = PBXFileReference; lastKnownFileType = sourcecode.swift; path = OperationAdaptee.swift; sourceTree = "<group>"; };
		FAEA15B22783C22300B5A4DF /* OperationAdapter.swift */ = {isa = PBXFileReference; lastKnownFileType = sourcecode.swift; path = OperationAdapter.swift; sourceTree = "<group>"; };
/* End PBXFileReference section */

/* Begin PBXFrameworksBuildPhase section */
		FA383569277CBC6E00DC49C8 /* Frameworks */ = {
			isa = PBXFrameworksBuildPhase;
			buildActionMask = 2147483647;
			files = (
			);
			runOnlyForDeploymentPostprocessing = 0;
		};
/* End PBXFrameworksBuildPhase section */

/* Begin PBXGroup section */
		FA383563277CBC6E00DC49C8 = {
			isa = PBXGroup;
			children = (
				FA38356E277CBC6E00DC49C8 /* Patrones_Diseno */,
				FA38356D277CBC6E00DC49C8 /* Products */,
			);
			sourceTree = "<group>";
		};
		FA38356D277CBC6E00DC49C8 /* Products */ = {
			isa = PBXGroup;
			children = (
				FA38356C277CBC6E00DC49C8 /* Patrones_Diseno.app */,
			);
			name = Products;
			sourceTree = "<group>";
		};
		FA38356E277CBC6E00DC49C8 /* Patrones_Diseno */ = {
			isa = PBXGroup;
			children = (
				FAEA15AC2783C07C00B5A4DF /* structural */,
				FA3835AF277D0AE000DC49C8 /* behavioral */,
				FA383583277CC13D00DC49C8 /* creational */,
				FA38356F277CBC6E00DC49C8 /* AppDelegate.swift */,
				FA383571277CBC6E00DC49C8 /* SceneDelegate.swift */,
				FA383573277CBC6E00DC49C8 /* ViewController.swift */,
				FA383575277CBC6E00DC49C8 /* Main.storyboard */,
				FA383578277CBC7000DC49C8 /* Assets.xcassets */,
				FA38357A277CBC7000DC49C8 /* LaunchScreen.storyboard */,
				FA38357D277CBC7000DC49C8 /* Info.plist */,
			);
			path = Patrones_Diseno;
			sourceTree = "<group>";
		};
		FA383583277CC13D00DC49C8 /* creational */ = {
			isa = PBXGroup;
			children = (
				FA3835AC277CF4AA00DC49C8 /* singleton */,
				FA3835A7277CEA4D00DC49C8 /* prototype */,
				FA3835A4277CE08100DC49C8 /* builder */,
				FA38358F277CC8B900DC49C8 /* abstratctFactory */,
				FA383584277CC15C00DC49C8 /* factoryMethod */,
			);
			path = creational;
			sourceTree = "<group>";
		};
		FA383584277CC15C00DC49C8 /* factoryMethod */ = {
			isa = PBXGroup;
			children = (
				FA383585277CC3B100DC49C8 /* Payment.swift */,
				FA383587277CC3DF00DC49C8 /* GooglePayment.swift */,
				FA383589277CC41A00DC49C8 /* CardPayment.swift */,
				FA38358B277CC46700DC49C8 /* TypePayment.swift */,
				FA38358D277CC4D100DC49C8 /* PaymentFactory.swift */,
			);
			path = factoryMethod;
			sourceTree = "<group>";
		};
		FA38358F277CC8B900DC49C8 /* abstratctFactory */ = {
			isa = PBXGroup;
			children = (
				FA383590277CC8F000DC49C8 /* PaymentAF.swift */,
				FA383592277CC93600DC49C8 /* CardPaymentAF.swift */,
				FA383594277CCC8200DC49C8 /* GooglePaymentAF.swift */,
				FA383596277CCCE900DC49C8 /* Method.swift */,
				FA383598277CCE6E00DC49C8 /* MontlyMethod.swift */,
				FA38359A277CCEE700DC49C8 /* PaymentInAdvanceMethod.swift */,
				FA38359C277CCFB300DC49C8 /* AbstractFactory.swift */,
				FA38359E277CD1D600DC49C8 /* PaymentInAdvanceCardFactory.swift */,
				FA3835A0277CD30E00DC49C8 /* MontlyGoogleFactory.swift */,
				FA3835A2277CD37500DC49C8 /* PaymentMethodClient.swift */,
			);
			path = abstratctFactory;
			sourceTree = "<group>";
		};
		FA3835A4277CE08100DC49C8 /* builder */ = {
			isa = PBXGroup;
			children = (
				FA3835A5277CE12800DC49C8 /* Card.swift */,
			);
			path = builder;
			sourceTree = "<group>";
		};
		FA3835A7277CEA4D00DC49C8 /* prototype */ = {
			isa = PBXGroup;
			children = (
				FA3835A8277CED2000DC49C8 /* PrototypeCard.swift */,
				FA3835AA277CEEE200DC49C8 /* VisaCard.swift */,
			);
			path = prototype;
			sourceTree = "<group>";
		};
		FA3835AC277CF4AA00DC49C8 /* singleton */ = {
			isa = PBXGroup;
			children = (
				FA3835AD277CF6AA00DC49C8 /* CardSingleton.swift */,
			);
			path = singleton;
			sourceTree = "<group>";
		};
		FA3835AF277D0AE000DC49C8 /* behavioral */ = {
			isa = PBXGroup;
			children = (
				FAEA159F2783B13900B5A4DF /* visitor */,
				FAEA15982783ADA200B5A4DF /* templateMethod */,
				FAEA158F2783A89200B5A4DF /* strategy */,
				FAEA15842783900000B5A4DF /* state */,
				FAEA15772783751300B5A4DF /* observer */,
				FAEA14CE278369D100B5A4DF /* memento */,
				FA45609727835695009A26EF /* mediator */,
				FA3835C6277D230400DC49C8 /* iterator */,
				FA3835BB277D188100DC49C8 /* command */,
				FA3835B0277D0B0800DC49C8 /* chainResponsibility */,
			);
			path = behavioral;
			sourceTree = "<group>";
		};
		FA3835B0277D0B0800DC49C8 /* chainResponsibility */ = {
			isa = PBXGroup;
			children = (
				FA3835B1277D0B2300DC49C8 /* ApprovedLoanHandler.swift */,
				FA3835B3277D0C3C00DC49C8 /* GoldHandler.swift */,
				FA3835B5277D0D5300DC49C8 /* PlatiniumHandler.swift */,
				FA3835B7277D0DB000DC49C8 /* BlackHandler.swift */,
				FA3835B9277D0E6500DC49C8 /* BankHandler.swift */,
			);
			path = chainResponsibility;
			sourceTree = "<group>";
		};
		FA3835BB277D188100DC49C8 /* command */ = {
			isa = PBXGroup;
			children = (
				FA3835BC277D18C000DC49C8 /* Command.swift */,
				FA3835BE277D19BE00DC49C8 /* CreditCardReceiver.swift */,
				FA3835C0277D1B2A00DC49C8 /* CreditCardActiveCommand.swift */,
				FA3835C2277D1CDD00DC49C8 /* CreditCardDisabledCommand.swift */,
				FA3835C4277D1D3400DC49C8 /* CreditCardInvoker.swift */,
			);
			path = command;
			sourceTree = "<group>";
		};
		FA3835C6277D230400DC49C8 /* iterator */ = {
			isa = PBXGroup;
			children = (
				FA3835C7277D231200DC49C8 /* CreditCard.swift */,
				FA3835C9277D23F700DC49C8 /* CreditCardsCollection.swift */,
				FA3835CB277D248000DC49C8 /* CreditCardIterator.swift */,
			);
			path = iterator;
			sourceTree = "<group>";
		};
		FA3A849B2784B5F000837CB5 /* bridge */ = {
			isa = PBXGroup;
			children = (
				FA3A849C2784BE7F00837CB5 /* CreditCardProtocol.swift */,
				FA3A849E2784BEA200837CB5 /* SecureCreditCard.swift */,
				FA3A84A02784BEDF00837CB5 /* UnsecureCreditCard.swift */,
				FA3A84A22784BF1B00837CB5 /* CreditCardBrigde.swift */,
				FA3A84A42784BF6800837CB5 /* ClassicCreditCard.swift */,
			);
			path = bridge;
			sourceTree = "<group>";
		};
		FA3A84A62784C22000837CB5 /* composite */ = {
			isa = PBXGroup;
			children = (
				FA3A84A72784C26800837CB5 /* AccountComponent.swift */,
				FA3A84A92784C29800837CB5 /* SavingsAccountLead.swift */,
				FA3A84AB2784C57E00837CB5 /* CurrentAccountLead.swift */,
				FA3A84AD2784C5A400837CB5 /* AccountComposite.swift */,
			);
			path = composite;
			sourceTree = "<group>";
		};
		FA3A84AF2784D11800837CB5 /* decorator */ = {
			isa = PBXGroup;
			children = (
				FA3A84B02784D1AE00837CB5 /* CreditComponent.swift */,
				FA3A84B22784DD7300837CB5 /* BlackCreditComponent.swift */,
				FA3A84B42784DDAE00837CB5 /* GoldCreditComponent.swift */,
				FA3A84B62784DDDD00837CB5 /* CreditDecorator.swift */,
				FA3A84B82784DE4000837CB5 /* IntenatinalPaymenyDecorator.swift */,
				FA3A84BA2784DF0E00837CB5 /* SecureDecorator.swift */,
			);
			path = decorator;
			sourceTree = "<group>";
		};
		FA3A84BC2784E0D800837CB5 /* facade */ = {
			isa = PBXGroup;
			children = (
				FA3A84BD2784F85100837CB5 /* CreditModule.swift */,
				FA3A84BF2784F86F00837CB5 /* BlackModule.swift */,
				FA3A84C12784F8B700837CB5 /* GoldModule.swift */,
				FA3A84C32784F8E700837CB5 /* SilverModule.swift */,
				FA3A84C52784F90900837CB5 /* CreditMarketfacade.swift */,
			);
			path = facade;
			sourceTree = "<group>";
		};
		FA3A84C72784FBA600837CB5 /* flyweight */ = {
			isa = PBXGroup;
			children = (
				FA3A84C82784FC6600837CB5 /* Enemy.swift */,
				FA3A84CA2784FCAE00837CB5 /* Detective.swift */,
				FA3A84CC2784FD3D00837CB5 /* Soldier.swift */,
				FA3A84CE2784FD9E00837CB5 /* EnemyFactory.swift */,
			);
			path = flyweight;
			sourceTree = "<group>";
		};
		FA3A84D0278502DA00837CB5 /* proxy */ = {
			isa = PBXGroup;
			children = (
				FA3A84D22785037400837CB5 /* Interner.swift */,
				FA3A84D42785039C00837CB5 /* AccessToInternet.swift */,
				FA3A84D6278503DF00837CB5 /* ProxyInternet.swift */,
			);
			path = proxy;
			sourceTree = "<group>";
		};
		FA45609727835695009A26EF /* mediator */ = {
			isa = PBXGroup;
			children = (
				FA456098278356AD009A26EF /* Mediator.swift */,
				FA45609A27835708009A26EF /* Colleague.swift */,
				FA45609C278357BD009A26EF /* ConcreteColleague1.swift */,
				FAEA14CA278364B300B5A4DF /* ConcreteColleague2.swift */,
				FAEA14CC2783650000B5A4DF /* ConcreteMediator.swift */,
			);
			path = mediator;
			sourceTree = "<group>";
		};
		FAEA14CE278369D100B5A4DF /* memento */ = {
			isa = PBXGroup;
			children = (
				FAEA14CF278369E300B5A4DF /* ArticleMemento.swift */,
				FAEA14D127836A5B00B5A4DF /* ArticleOriginator.swift */,
				FAEA14D327836B4B00B5A4DF /* Carataker.swift */,
			);
			path = memento;
			sourceTree = "<group>";
		};
		FAEA15772783751300B5A4DF /* observer */ = {
			isa = PBXGroup;
			children = (
				FAEA15782783756600B5A4DF /* TrafficLight.swift */,
				FAEA157A2783765000B5A4DF /* Observer.swift */,
				FAEA157C2783771600B5A4DF /* Subject.swift */,
				FAEA157E278377D500B5A4DF /* MessagePublisher.swift */,
				FAEA158027837A0300B5A4DF /* Car.swift */,
				FAEA158227837CB400B5A4DF /* Pedestrian.swift */,
			);
			path = observer;
			sourceTree = "<group>";
		};
		FAEA15842783900000B5A4DF /* state */ = {
			isa = PBXGroup;
			children = (
				FAEA15852783901700B5A4DF /* MobileAlertStateContext.swift */,
				FAEA15872783905400B5A4DF /* MobileAlertState.swift */,
				FAEA1589278390EF00B5A4DF /* Sound.swift */,
				FAEA158B2783912F00B5A4DF /* Vibration.swift */,
				FAEA158D2783914300B5A4DF /* Silent.swift */,
			);
			path = state;
			sourceTree = "<group>";
		};
		FAEA158F2783A89200B5A4DF /* strategy */ = {
			isa = PBXGroup;
			children = (
				FAEA15902783A8C000B5A4DF /* StrategyTestFormatter.swift */,
				FAEA15922783A8F800B5A4DF /* CapitalStrategyTestFormatter.swift */,
				FAEA15942783A93B00B5A4DF /* LowerStrategyTestFormatter.swift */,
				FAEA15962783AA0E00B5A4DF /* Context.swift */,
			);
			path = strategy;
			sourceTree = "<group>";
		};
		FAEA15982783ADA200B5A4DF /* templateMethod */ = {
			isa = PBXGroup;
			children = (
				FAEA15992783ADC100B5A4DF /* PaymentTemplate.swift */,
				FAEA159B2783AE6B00B5A4DF /* Paypal.swift */,
				FAEA159D2783AF0900B5A4DF /* Visa.swift */,
			);
			path = templateMethod;
			sourceTree = "<group>";
		};
		FAEA159F2783B13900B5A4DF /* visitor */ = {
			isa = PBXGroup;
			children = (
				FAEA15A02783B27E00B5A4DF /* CreditCardVisitor.swift */,
				FAEA15A22783B2A300B5A4DF /* OfferElement.swift */,
				FAEA15A42783B2B900B5A4DF /* GassolineOffer.swift */,
				FAEA15A62783B38C00B5A4DF /* FlightsOffer.swift */,
				FAEA15A82783B3B900B5A4DF /* ClassicCreditCardVisitor.swift */,
				FAEA15AA2783B47200B5A4DF /* BlackCreditCardVisitor.swift */,
			);
			path = visitor;
			sourceTree = "<group>";
		};
		FAEA15AC2783C07C00B5A4DF /* structural */ = {
			isa = PBXGroup;
			children = (
				FA3A84D0278502DA00837CB5 /* proxy */,
				FA3A84C72784FBA600837CB5 /* flyweight */,
				FA3A84BC2784E0D800837CB5 /* facade */,
				FA3A84AF2784D11800837CB5 /* decorator */,
				FA3A84A62784C22000837CB5 /* composite */,
				FA3A849B2784B5F000837CB5 /* bridge */,
				FAEA15AD2783C0A200B5A4DF /* adapter */,
			);
			path = structural;
			sourceTree = "<group>";
		};
		FAEA15AD2783C0A200B5A4DF /* adapter */ = {
			isa = PBXGroup;
			children = (
				FAEA15AE2783C0E200B5A4DF /* OperationTarget.swift */,
				FAEA15B02783C14900B5A4DF /* OperationAdaptee.swift */,
				FAEA15B22783C22300B5A4DF /* OperationAdapter.swift */,
			);
			path = adapter;
			sourceTree = "<group>";
		};
/* End PBXGroup section */

/* Begin PBXNativeTarget section */
		FA38356B277CBC6E00DC49C8 /* Patrones_Diseno */ = {
			isa = PBXNativeTarget;
			buildConfigurationList = FA383580277CBC7000DC49C8 /* Build configuration list for PBXNativeTarget "Patrones_Diseno" */;
			buildPhases = (
				FA383568277CBC6E00DC49C8 /* Sources */,
				FA383569277CBC6E00DC49C8 /* Frameworks */,
				FA38356A277CBC6E00DC49C8 /* Resources */,
			);
			buildRules = (
			);
			dependencies = (
			);
			name = Patrones_Diseno;
			productName = Patrones_Diseno;
			productReference = FA38356C277CBC6E00DC49C8 /* Patrones_Diseno.app */;
			productType = "com.apple.product-type.application";
		};
/* End PBXNativeTarget section */

/* Begin PBXProject section */
		FA383564277CBC6E00DC49C8 /* Project object */ = {
			isa = PBXProject;
			attributes = {
				BuildIndependentTargetsInParallel = 1;
				LastSwiftUpdateCheck = 1310;
				LastUpgradeCheck = 1310;
				TargetAttributes = {
					FA38356B277CBC6E00DC49C8 = {
						CreatedOnToolsVersion = 13.1;
					};
				};
			};
			buildConfigurationList = FA383567277CBC6E00DC49C8 /* Build configuration list for PBXProject "Patrones_Diseno" */;
			compatibilityVersion = "Xcode 13.0";
			developmentRegion = en;
			hasScannedForEncodings = 0;
			knownRegions = (
				en,
				Base,
			);
			mainGroup = FA383563277CBC6E00DC49C8;
			productRefGroup = FA38356D277CBC6E00DC49C8 /* Products */;
			projectDirPath = "";
			projectRoot = "";
			targets = (
				FA38356B277CBC6E00DC49C8 /* Patrones_Diseno */,
			);
		};
/* End PBXProject section */

/* Begin PBXResourcesBuildPhase section */
		FA38356A277CBC6E00DC49C8 /* Resources */ = {
			isa = PBXResourcesBuildPhase;
			buildActionMask = 2147483647;
			files = (
				FA38357C277CBC7000DC49C8 /* LaunchScreen.storyboard in Resources */,
				FA383579277CBC7000DC49C8 /* Assets.xcassets in Resources */,
				FA383577277CBC6E00DC49C8 /* Main.storyboard in Resources */,
			);
			runOnlyForDeploymentPostprocessing = 0;
		};
/* End PBXResourcesBuildPhase section */

/* Begin PBXSourcesBuildPhase section */
		FA383568277CBC6E00DC49C8 /* Sources */ = {
			isa = PBXSourcesBuildPhase;
			buildActionMask = 2147483647;
			files = (
				FA3835BF277D19BE00DC49C8 /* CreditCardReceiver.swift in Sources */,
				FA3A84AE2784C5A400837CB5 /* AccountComposite.swift in Sources */,
				FAEA157B2783765000B5A4DF /* Observer.swift in Sources */,
				FA3A84B72784DDDD00837CB5 /* CreditDecorator.swift in Sources */,
				FAEA158E2783914300B5A4DF /* Silent.swift in Sources */,
				FAEA15882783905400B5A4DF /* MobileAlertState.swift in Sources */,
				FA3A84C42784F8E700837CB5 /* SilverModule.swift in Sources */,
				FAEA14D0278369E300B5A4DF /* ArticleMemento.swift in Sources */,
				FA3A84A82784C26800837CB5 /* AccountComponent.swift in Sources */,
				FAEA159A2783ADC100B5A4DF /* PaymentTemplate.swift in Sources */,
				FAEA14CD2783650000B5A4DF /* ConcreteMediator.swift in Sources */,
				FA3A84CF2784FD9E00837CB5 /* EnemyFactory.swift in Sources */,
				FA3835B8277D0DB000DC49C8 /* BlackHandler.swift in Sources */,
				FA3A84C62784F90900837CB5 /* CreditMarketfacade.swift in Sources */,
				FA3835A3277CD37500DC49C8 /* PaymentMethodClient.swift in Sources */,
				FA3A84D52785039C00837CB5 /* AccessToInternet.swift in Sources */,
				FA383574277CBC6E00DC49C8 /* ViewController.swift in Sources */,
				FAEA158C2783912F00B5A4DF /* Vibration.swift in Sources */,
				FA3A84D7278503DF00837CB5 /* ProxyInternet.swift in Sources */,
				FA3835AB277CEEE200DC49C8 /* VisaCard.swift in Sources */,
				FA3A84B12784D1AE00837CB5 /* CreditComponent.swift in Sources */,
				FAEA157D2783771600B5A4DF /* Subject.swift in Sources */,
				FA3A84CD2784FD3D00837CB5 /* Soldier.swift in Sources */,
				FAEA15AB2783B47200B5A4DF /* BlackCreditCardVisitor.swift in Sources */,
				FA3A84A52784BF6800837CB5 /* ClassicCreditCard.swift in Sources */,
				FA3835C5277D1D3400DC49C8 /* CreditCardInvoker.swift in Sources */,
				FA3835B6277D0D5300DC49C8 /* PlatiniumHandler.swift in Sources */,
				FAEA14CB278364B300B5A4DF /* ConcreteColleague2.swift in Sources */,
				FAEA15A32783B2A300B5A4DF /* OfferElement.swift in Sources */,
				FA3835A6277CE12800DC49C8 /* Card.swift in Sources */,
				FA3A84A12784BEDF00837CB5 /* UnsecureCreditCard.swift in Sources */,
				FA383591277CC8F000DC49C8 /* PaymentAF.swift in Sources */,
				FA3A84C92784FC6600837CB5 /* Enemy.swift in Sources */,
				FAEA14D227836A5B00B5A4DF /* ArticleOriginator.swift in Sources */,
				FA45609B27835708009A26EF /* Colleague.swift in Sources */,
				FA383570277CBC6E00DC49C8 /* AppDelegate.swift in Sources */,
				FA38359B277CCEE700DC49C8 /* PaymentInAdvanceMethod.swift in Sources */,
				FAEA158327837CB400B5A4DF /* Pedestrian.swift in Sources */,
				FA3835A9277CED2000DC49C8 /* PrototypeCard.swift in Sources */,
				FAEA159E2783AF0900B5A4DF /* Visa.swift in Sources */,
				FA38358C277CC46700DC49C8 /* TypePayment.swift in Sources */,
				FA3835BD277D18C000DC49C8 /* Command.swift in Sources */,
				FA383595277CCC8200DC49C8 /* GooglePaymentAF.swift in Sources */,
				FAEA15932783A8F800B5A4DF /* CapitalStrategyTestFormatter.swift in Sources */,
				FA45609D278357BD009A26EF /* ConcreteColleague1.swift in Sources */,
				FA38358A277CC41A00DC49C8 /* CardPayment.swift in Sources */,
				FA3A849D2784BE7F00837CB5 /* CreditCardProtocol.swift in Sources */,
				FA3A84AC2784C57E00837CB5 /* CurrentAccountLead.swift in Sources */,
				FAEA15B12783C14900B5A4DF /* OperationAdaptee.swift in Sources */,
				FA383588277CC3DF00DC49C8 /* GooglePayment.swift in Sources */,
				FA3A84B92784DE4000837CB5 /* IntenatinalPaymenyDecorator.swift in Sources */,
				FA3A84D32785037400837CB5 /* Interner.swift in Sources */,
				FA38358E277CC4D100DC49C8 /* PaymentFactory.swift in Sources */,
				FA3A84B32784DD7300837CB5 /* BlackCreditComponent.swift in Sources */,
				FA3A84AA2784C29800837CB5 /* SavingsAccountLead.swift in Sources */,
				FAEA15A92783B3B900B5A4DF /* ClassicCreditCardVisitor.swift in Sources */,
				FAEA158127837A0300B5A4DF /* Car.swift in Sources */,
				FAEA15862783901700B5A4DF /* MobileAlertStateContext.swift in Sources */,
				FA456099278356AD009A26EF /* Mediator.swift in Sources */,
				FAEA15A52783B2B900B5A4DF /* GassolineOffer.swift in Sources */,
				FA3A84BE2784F85100837CB5 /* CreditModule.swift in Sources */,
				FA383597277CCCE900DC49C8 /* Method.swift in Sources */,
				FAEA15972783AA0E00B5A4DF /* Context.swift in Sources */,
				FA3A84C02784F86F00837CB5 /* BlackModule.swift in Sources */,
				FAEA15912783A8C000B5A4DF /* StrategyTestFormatter.swift in Sources */,
				FA383593277CC93600DC49C8 /* CardPaymentAF.swift in Sources */,
				FAEA15B32783C22300B5A4DF /* OperationAdapter.swift in Sources */,
				FAEA157F278377D500B5A4DF /* MessagePublisher.swift in Sources */,
				FA383599277CCE6E00DC49C8 /* MontlyMethod.swift in Sources */,
				FA3835B4277D0C3C00DC49C8 /* GoldHandler.swift in Sources */,
				FAEA15A12783B27E00B5A4DF /* CreditCardVisitor.swift in Sources */,
				FA3A84C22784F8B700837CB5 /* GoldModule.swift in Sources */,
				FA3835CC277D248000DC49C8 /* CreditCardIterator.swift in Sources */,
				FA38359D277CCFB300DC49C8 /* AbstractFactory.swift in Sources */,
				FA3A84BB2784DF0E00837CB5 /* SecureDecorator.swift in Sources */,
				FA3835A1277CD30E00DC49C8 /* MontlyGoogleFactory.swift in Sources */,
				FAEA158A278390EF00B5A4DF /* Sound.swift in Sources */,
				FAEA159C2783AE6B00B5A4DF /* Paypal.swift in Sources */,
				FA3835CA277D23F700DC49C8 /* CreditCardsCollection.swift in Sources */,
				FA383586277CC3B100DC49C8 /* Payment.swift in Sources */,
				FA3835B2277D0B2300DC49C8 /* ApprovedLoanHandler.swift in Sources */,
				FAEA15952783A93B00B5A4DF /* LowerStrategyTestFormatter.swift in Sources */,
				FA383572277CBC6E00DC49C8 /* SceneDelegate.swift in Sources */,
				FA3A849F2784BEA200837CB5 /* SecureCreditCard.swift in Sources */,
				FA3835C8277D231200DC49C8 /* CreditCard.swift in Sources */,
				FA38359F277CD1D600DC49C8 /* PaymentInAdvanceCardFactory.swift in Sources */,
				FAEA14D427836B4B00B5A4DF /* Carataker.swift in Sources */,
				FA3835AE277CF6AA00DC49C8 /* CardSingleton.swift in Sources */,
				FA3A84CB2784FCAE00837CB5 /* Detective.swift in Sources */,
				FA3A84A32784BF1B00837CB5 /* CreditCardBrigde.swift in Sources */,
				FAEA15792783756600B5A4DF /* TrafficLight.swift in Sources */,
				FA3835C3277D1CDD00DC49C8 /* CreditCardDisabledCommand.swift in Sources */,
				FAEA15AF2783C0E200B5A4DF /* OperationTarget.swift in Sources */,
				FA3835C1277D1B2A00DC49C8 /* CreditCardActiveCommand.swift in Sources */,
				FAEA15A72783B38C00B5A4DF /* FlightsOffer.swift in Sources */,
				FA3A84B52784DDAE00837CB5 /* GoldCreditComponent.swift in Sources */,
				FA3835BA277D0E6500DC49C8 /* BankHandler.swift in Sources */,
			);
			runOnlyForDeploymentPostprocessing = 0;
		};
/* End PBXSourcesBuildPhase section */

/* Begin PBXVariantGroup section */
		FA383575277CBC6E00DC49C8 /* Main.storyboard */ = {
			isa = PBXVariantGroup;
			children = (
				FA383576277CBC6E00DC49C8 /* Base */,
			);
			name = Main.storyboard;
			sourceTree = "<group>";
		};
		FA38357A277CBC7000DC49C8 /* LaunchScreen.storyboard */ = {
			isa = PBXVariantGroup;
			children = (
				FA38357B277CBC7000DC49C8 /* Base */,
			);
			name = LaunchScreen.storyboard;
			sourceTree = "<group>";
		};
/* End PBXVariantGroup section */

/* Begin XCBuildConfiguration section */
		FA38357E277CBC7000DC49C8 /* Debug */ = {
			isa = XCBuildConfiguration;
			buildSettings = {
				ALWAYS_SEARCH_USER_PATHS = NO;
				CLANG_ANALYZER_NONNULL = YES;
				CLANG_ANALYZER_NUMBER_OBJECT_CONVERSION = YES_AGGRESSIVE;
				CLANG_CXX_LANGUAGE_STANDARD = "gnu++17";
				CLANG_CXX_LIBRARY = "libc++";
				CLANG_ENABLE_MODULES = YES;
				CLANG_ENABLE_OBJC_ARC = YES;
				CLANG_ENABLE_OBJC_WEAK = YES;
				CLANG_WARN_BLOCK_CAPTURE_AUTORELEASING = YES;
				CLANG_WARN_BOOL_CONVERSION = YES;
				CLANG_WARN_COMMA = YES;
				CLANG_WARN_CONSTANT_CONVERSION = YES;
				CLANG_WARN_DEPRECATED_OBJC_IMPLEMENTATIONS = YES;
				CLANG_WARN_DIRECT_OBJC_ISA_USAGE = YES_ERROR;
				CLANG_WARN_DOCUMENTATION_COMMENTS = YES;
				CLANG_WARN_EMPTY_BODY = YES;
				CLANG_WARN_ENUM_CONVERSION = YES;
				CLANG_WARN_INFINITE_RECURSION = YES;
				CLANG_WARN_INT_CONVERSION = YES;
				CLANG_WARN_NON_LITERAL_NULL_CONVERSION = YES;
				CLANG_WARN_OBJC_IMPLICIT_RETAIN_SELF = YES;
				CLANG_WARN_OBJC_LITERAL_CONVERSION = YES;
				CLANG_WARN_OBJC_ROOT_CLASS = YES_ERROR;
				CLANG_WARN_QUOTED_INCLUDE_IN_FRAMEWORK_HEADER = YES;
				CLANG_WARN_RANGE_LOOP_ANALYSIS = YES;
				CLANG_WARN_STRICT_PROTOTYPES = YES;
				CLANG_WARN_SUSPICIOUS_MOVE = YES;
				CLANG_WARN_UNGUARDED_AVAILABILITY = YES_AGGRESSIVE;
				CLANG_WARN_UNREACHABLE_CODE = YES;
				CLANG_WARN__DUPLICATE_METHOD_MATCH = YES;
				COPY_PHASE_STRIP = NO;
				DEBUG_INFORMATION_FORMAT = dwarf;
				ENABLE_STRICT_OBJC_MSGSEND = YES;
				ENABLE_TESTABILITY = YES;
				GCC_C_LANGUAGE_STANDARD = gnu11;
				GCC_DYNAMIC_NO_PIC = NO;
				GCC_NO_COMMON_BLOCKS = YES;
				GCC_OPTIMIZATION_LEVEL = 0;
				GCC_PREPROCESSOR_DEFINITIONS = (
					"DEBUG=1",
					"$(inherited)",
				);
				GCC_WARN_64_TO_32_BIT_CONVERSION = YES;
				GCC_WARN_ABOUT_RETURN_TYPE = YES_ERROR;
				GCC_WARN_UNDECLARED_SELECTOR = YES;
				GCC_WARN_UNINITIALIZED_AUTOS = YES_AGGRESSIVE;
				GCC_WARN_UNUSED_FUNCTION = YES;
				GCC_WARN_UNUSED_VARIABLE = YES;
				IPHONEOS_DEPLOYMENT_TARGET = 15.0;
				MTL_ENABLE_DEBUG_INFO = INCLUDE_SOURCE;
				MTL_FAST_MATH = YES;
				ONLY_ACTIVE_ARCH = YES;
				SDKROOT = iphoneos;
				SWIFT_ACTIVE_COMPILATION_CONDITIONS = DEBUG;
				SWIFT_OPTIMIZATION_LEVEL = "-Onone";
			};
			name = Debug;
		};
		FA38357F277CBC7000DC49C8 /* Release */ = {
			isa = XCBuildConfiguration;
			buildSettings = {
				ALWAYS_SEARCH_USER_PATHS = NO;
				CLANG_ANALYZER_NONNULL = YES;
				CLANG_ANALYZER_NUMBER_OBJECT_CONVERSION = YES_AGGRESSIVE;
				CLANG_CXX_LANGUAGE_STANDARD = "gnu++17";
				CLANG_CXX_LIBRARY = "libc++";
				CLANG_ENABLE_MODULES = YES;
				CLANG_ENABLE_OBJC_ARC = YES;
				CLANG_ENABLE_OBJC_WEAK = YES;
				CLANG_WARN_BLOCK_CAPTURE_AUTORELEASING = YES;
				CLANG_WARN_BOOL_CONVERSION = YES;
				CLANG_WARN_COMMA = YES;
				CLANG_WARN_CONSTANT_CONVERSION = YES;
				CLANG_WARN_DEPRECATED_OBJC_IMPLEMENTATIONS = YES;
				CLANG_WARN_DIRECT_OBJC_ISA_USAGE = YES_ERROR;
				CLANG_WARN_DOCUMENTATION_COMMENTS = YES;
				CLANG_WARN_EMPTY_BODY = YES;
				CLANG_WARN_ENUM_CONVERSION = YES;
				CLANG_WARN_INFINITE_RECURSION = YES;
				CLANG_WARN_INT_CONVERSION = YES;
				CLANG_WARN_NON_LITERAL_NULL_CONVERSION = YES;
				CLANG_WARN_OBJC_IMPLICIT_RETAIN_SELF = YES;
				CLANG_WARN_OBJC_LITERAL_CONVERSION = YES;
				CLANG_WARN_OBJC_ROOT_CLASS = YES_ERROR;
				CLANG_WARN_QUOTED_INCLUDE_IN_FRAMEWORK_HEADER = YES;
				CLANG_WARN_RANGE_LOOP_ANALYSIS = YES;
				CLANG_WARN_STRICT_PROTOTYPES = YES;
				CLANG_WARN_SUSPICIOUS_MOVE = YES;
				CLANG_WARN_UNGUARDED_AVAILABILITY = YES_AGGRESSIVE;
				CLANG_WARN_UNREACHABLE_CODE = YES;
				CLANG_WARN__DUPLICATE_METHOD_MATCH = YES;
				COPY_PHASE_STRIP = NO;
				DEBUG_INFORMATION_FORMAT = "dwarf-with-dsym";
				ENABLE_NS_ASSERTIONS = NO;
				ENABLE_STRICT_OBJC_MSGSEND = YES;
				GCC_C_LANGUAGE_STANDARD = gnu11;
				GCC_NO_COMMON_BLOCKS = YES;
				GCC_WARN_64_TO_32_BIT_CONVERSION = YES;
				GCC_WARN_ABOUT_RETURN_TYPE = YES_ERROR;
				GCC_WARN_UNDECLARED_SELECTOR = YES;
				GCC_WARN_UNINITIALIZED_AUTOS = YES_AGGRESSIVE;
				GCC_WARN_UNUSED_FUNCTION = YES;
				GCC_WARN_UNUSED_VARIABLE = YES;
				IPHONEOS_DEPLOYMENT_TARGET = 15.0;
				MTL_ENABLE_DEBUG_INFO = NO;
				MTL_FAST_MATH = YES;
				SDKROOT = iphoneos;
				SWIFT_COMPILATION_MODE = wholemodule;
				SWIFT_OPTIMIZATION_LEVEL = "-O";
				VALIDATE_PRODUCT = YES;
			};
			name = Release;
		};
		FA383581277CBC7000DC49C8 /* Debug */ = {
			isa = XCBuildConfiguration;
			buildSettings = {
				ASSETCATALOG_COMPILER_APPICON_NAME = AppIcon;
				ASSETCATALOG_COMPILER_GLOBAL_ACCENT_COLOR_NAME = AccentColor;
				CODE_SIGN_STYLE = Automatic;
				CURRENT_PROJECT_VERSION = 1;
				GENERATE_INFOPLIST_FILE = YES;
				INFOPLIST_FILE = Patrones_Diseno/Info.plist;
				INFOPLIST_KEY_UIApplicationSupportsIndirectInputEvents = YES;
				INFOPLIST_KEY_UILaunchStoryboardName = LaunchScreen;
				INFOPLIST_KEY_UIMainStoryboardFile = Main;
				INFOPLIST_KEY_UISupportedInterfaceOrientations_iPad = "UIInterfaceOrientationPortrait UIInterfaceOrientationPortraitUpsideDown UIInterfaceOrientationLandscapeLeft UIInterfaceOrientationLandscapeRight";
				INFOPLIST_KEY_UISupportedInterfaceOrientations_iPhone = "UIInterfaceOrientationPortrait UIInterfaceOrientationLandscapeLeft UIInterfaceOrientationLandscapeRight";
				LD_RUNPATH_SEARCH_PATHS = (
					"$(inherited)",
					"@executable_path/Frameworks",
				);
				MARKETING_VERSION = 1.0;
				PRODUCT_BUNDLE_IDENTIFIER = "com.iherrera.patrones.Patrones-Diseno";
				PRODUCT_NAME = "$(TARGET_NAME)";
				SWIFT_EMIT_LOC_STRINGS = YES;
				SWIFT_VERSION = 5.0;
				TARGETED_DEVICE_FAMILY = "1,2";
			};
			name = Debug;
		};
		FA383582277CBC7000DC49C8 /* Release */ = {
			isa = XCBuildConfiguration;
			buildSettings = {
				ASSETCATALOG_COMPILER_APPICON_NAME = AppIcon;
				ASSETCATALOG_COMPILER_GLOBAL_ACCENT_COLOR_NAME = AccentColor;
				CODE_SIGN_STYLE = Automatic;
				CURRENT_PROJECT_VERSION = 1;
				GENERATE_INFOPLIST_FILE = YES;
				INFOPLIST_FILE = Patrones_Diseno/Info.plist;
				INFOPLIST_KEY_UIApplicationSupportsIndirectInputEvents = YES;
				INFOPLIST_KEY_UILaunchStoryboardName = LaunchScreen;
				INFOPLIST_KEY_UIMainStoryboardFile = Main;
				INFOPLIST_KEY_UISupportedInterfaceOrientations_iPad = "UIInterfaceOrientationPortrait UIInterfaceOrientationPortraitUpsideDown UIInterfaceOrientationLandscapeLeft UIInterfaceOrientationLandscapeRight";
				INFOPLIST_KEY_UISupportedInterfaceOrientations_iPhone = "UIInterfaceOrientationPortrait UIInterfaceOrientationLandscapeLeft UIInterfaceOrientationLandscapeRight";
				LD_RUNPATH_SEARCH_PATHS = (
					"$(inherited)",
					"@executable_path/Frameworks",
				);
				MARKETING_VERSION = 1.0;
				PRODUCT_BUNDLE_IDENTIFIER = "com.iherrera.patrones.Patrones-Diseno";
				PRODUCT_NAME = "$(TARGET_NAME)";
				SWIFT_EMIT_LOC_STRINGS = YES;
				SWIFT_VERSION = 5.0;
				TARGETED_DEVICE_FAMILY = "1,2";
			};
			name = Release;
		};
/* End XCBuildConfiguration section */

/* Begin XCConfigurationList section */
		FA383567277CBC6E00DC49C8 /* Build configuration list for PBXProject "Patrones_Diseno" */ = {
			isa = XCConfigurationList;
			buildConfigurations = (
				FA38357E277CBC7000DC49C8 /* Debug */,
				FA38357F277CBC7000DC49C8 /* Release */,
			);
			defaultConfigurationIsVisible = 0;
			defaultConfigurationName = Release;
		};
		FA383580277CBC7000DC49C8 /* Build configuration list for PBXNativeTarget "Patrones_Diseno" */ = {
			isa = XCConfigurationList;
			buildConfigurations = (
				FA383581277CBC7000DC49C8 /* Debug */,
				FA383582277CBC7000DC49C8 /* Release */,
			);
			defaultConfigurationIsVisible = 0;
			defaultConfigurationName = Release;
		};
/* End XCConfigurationList section */
	};
	rootObject = FA383564277CBC6E00DC49C8 /* Project object */;
}
